// !$*UTF8*$!
{
	archiveVersion = 1;
	classes = {
	};
	objectVersion = 46;
	objects = {

/* Begin PBXBuildFile section */
		33BC395019FE4A2000D00987 /* LaunchScreen.xib in Resources */ = {isa = PBXBuildFile; fileRef = 33BC394F19FE4A2000D00987 /* LaunchScreen.xib */; };
		33C47FA41A0B6A66007BD920 /* Settings.bundle in Resources */ = {isa = PBXBuildFile; fileRef = 33C47FA31A0B6A66007BD920 /* Settings.bundle */; };
		36CA67EA1A126A680027E061 /* libGoogleAnalyticsServices.a in Frameworks */ = {isa = PBXBuildFile; fileRef = 36CA67E91A126A680027E061 /* libGoogleAnalyticsServices.a */; };
		36CA67FF1A126C0F0027E061 /* libz.dylib in Frameworks */ = {isa = PBXBuildFile; fileRef = 36CA67FE1A126C0F0027E061 /* libz.dylib */; };
		36CA68011A126C160027E061 /* CoreData.framework in Frameworks */ = {isa = PBXBuildFile; fileRef = 36CA68001A126C160027E061 /* CoreData.framework */; };
		36CA68031A126C1F0027E061 /* SystemConfiguration.framework in Frameworks */ = {isa = PBXBuildFile; fileRef = 36CA68021A126C1F0027E061 /* SystemConfiguration.framework */; };
		49288CE22035847600D2A762 /* AppDelegate.swift in Sources */ = {isa = PBXBuildFile; fileRef = 49288CE12035847600D2A762 /* AppDelegate.swift */; };
		49288CEE203585E200D2A762 /* DemoListPage.swift in Sources */ = {isa = PBXBuildFile; fileRef = 49288CED203585E200D2A762 /* DemoListPage.swift */; };
		B1BA10AF1CFDE47300901218 /* ThunderCloud.framework in Frameworks */ = {isa = PBXBuildFile; fileRef = C226782619E2B2950070B470 /* ThunderCloud.framework */; };
		B1BA10B01CFDE47300901218 /* ThunderCloud.framework in Embed Frameworks */ = {isa = PBXBuildFile; fileRef = C226782619E2B2950070B470 /* ThunderCloud.framework */; settings = {ATTRIBUTES = (CodeSignOnCopy, RemoveHeadersOnCopy, ); }; };
		B1BA10B41CFDE47800901218 /* ThunderRequest.framework in Frameworks */ = {isa = PBXBuildFile; fileRef = B1BA10A01CFDE3BB00901218 /* ThunderRequest.framework */; };
		B1BA10B51CFDE47800901218 /* ThunderRequest.framework in Embed Frameworks */ = {isa = PBXBuildFile; fileRef = B1BA10A01CFDE3BB00901218 /* ThunderRequest.framework */; settings = {ATTRIBUTES = (CodeSignOnCopy, RemoveHeadersOnCopy, ); }; };
		B1BA10B81CFDE47D00901218 /* ThunderTable.framework in Frameworks */ = {isa = PBXBuildFile; fileRef = B1BA10AC1CFDE3BB00901218 /* ThunderTable.framework */; };
		B1BA10B91CFDE47D00901218 /* ThunderTable.framework in Embed Frameworks */ = {isa = PBXBuildFile; fileRef = B1BA10AC1CFDE3BB00901218 /* ThunderTable.framework */; settings = {ATTRIBUTES = (CodeSignOnCopy, RemoveHeadersOnCopy, ); }; };
		B1BA10BC1CFDE48200901218 /* ThunderBasics.framework in Frameworks */ = {isa = PBXBuildFile; fileRef = B1BA10961CFDE3BB00901218 /* ThunderBasics.framework */; };
		B1BA10BD1CFDE48200901218 /* ThunderBasics.framework in Embed Frameworks */ = {isa = PBXBuildFile; fileRef = B1BA10961CFDE3BB00901218 /* ThunderBasics.framework */; settings = {ATTRIBUTES = (CodeSignOnCopy, RemoveHeadersOnCopy, ); }; };
		C2C57C0F19E2AAEC000F6F1E /* Images.xcassets in Resources */ = {isa = PBXBuildFile; fileRef = C2C57C0E19E2AAEC000F6F1E /* Images.xcassets */; };
		C2C57C1E19E2AAEC000F6F1E /* Storm_Demo_ProjectTests.m in Sources */ = {isa = PBXBuildFile; fileRef = C2C57C1D19E2AAEC000F6F1E /* Storm_Demo_ProjectTests.m */; };
		C2C57C3019E2ADBD000F6F1E /* Bundle in Resources */ = {isa = PBXBuildFile; fileRef = C2C57C2F19E2ADBD000F6F1E /* Bundle */; };
		C2D0DBFD1A12775100C278F2 /* libsqlite3.dylib in Frameworks */ = {isa = PBXBuildFile; fileRef = C2D0DBFC1A12775100C278F2 /* libsqlite3.dylib */; };
/* End PBXBuildFile section */

/* Begin PBXContainerItemProxy section */
		49288CE52035847700D2A762 /* PBXContainerItemProxy */ = {
			isa = PBXContainerItemProxy;
			containerPortal = C226781A19E2B2950070B470 /* ThunderBasics.xcodeproj */;
			proxyType = 2;
			remoteGlobalIDString = B16234AB1C91F5E3001669BA;
			remoteInfo = ThunderBasicsMac;
		};
		B1BA10951CFDE3BB00901218 /* PBXContainerItemProxy */ = {
			isa = PBXContainerItemProxy;
			containerPortal = C226781A19E2B2950070B470 /* ThunderBasics.xcodeproj */;
			proxyType = 2;
			remoteGlobalIDString = C272EF8419C831AB004BD339;
			remoteInfo = ThunderBasics;
		};
		B1BA10971CFDE3BB00901218 /* PBXContainerItemProxy */ = {
			isa = PBXContainerItemProxy;
			containerPortal = C226781A19E2B2950070B470 /* ThunderBasics.xcodeproj */;
			proxyType = 2;
			remoteGlobalIDString = C272EF8F19C831AC004BD339;
			remoteInfo = ThunderBasicsTests;
		};
		B1BA109F1CFDE3BB00901218 /* PBXContainerItemProxy */ = {
			isa = PBXContainerItemProxy;
			containerPortal = C226781419E2B2950070B470 /* ThunderRequest.xcodeproj */;
			proxyType = 2;
			remoteGlobalIDString = C2E5088219C835A300350F00;
			remoteInfo = ThunderRequest;
		};
		B1BA10A11CFDE3BB00901218 /* PBXContainerItemProxy */ = {
			isa = PBXContainerItemProxy;
			containerPortal = C226781419E2B2950070B470 /* ThunderRequest.xcodeproj */;
			proxyType = 2;
			remoteGlobalIDString = C2E5088D19C835A300350F00;
			remoteInfo = ThunderRequestTests;
		};
		B1BA10A31CFDE3BB00901218 /* PBXContainerItemProxy */ = {
			isa = PBXContainerItemProxy;
			containerPortal = C226781419E2B2950070B470 /* ThunderRequest.xcodeproj */;
			proxyType = 2;
			remoteGlobalIDString = B1177ED81BBAF18E00372D4D;
			remoteInfo = ThunderRequestMac;
		};
		B1BA10A51CFDE3BB00901218 /* PBXContainerItemProxy */ = {
			isa = PBXContainerItemProxy;
			containerPortal = C226781419E2B2950070B470 /* ThunderRequest.xcodeproj */;
			proxyType = 2;
			remoteGlobalIDString = B1177EE21BBAF18E00372D4D;
			remoteInfo = ThunderRequestMacTests;
		};
		B1BA10A71CFDE3BB00901218 /* PBXContainerItemProxy */ = {
			isa = PBXContainerItemProxy;
			containerPortal = C226781419E2B2950070B470 /* ThunderRequest.xcodeproj */;
			proxyType = 2;
			remoteGlobalIDString = 49084FD11BD13DBD0012F636;
			remoteInfo = ThunderRequestTV;
		};
		B1BA10AB1CFDE3BB00901218 /* PBXContainerItemProxy */ = {
			isa = PBXContainerItemProxy;
			containerPortal = C226781719E2B2950070B470 /* ThunderTable.xcodeproj */;
			proxyType = 2;
			remoteGlobalIDString = C2E5098219C839F600350F00;
			remoteInfo = ThunderTable;
		};
		B1BA10AD1CFDE3BB00901218 /* PBXContainerItemProxy */ = {
			isa = PBXContainerItemProxy;
			containerPortal = C226781719E2B2950070B470 /* ThunderTable.xcodeproj */;
			proxyType = 2;
			remoteGlobalIDString = C2E5098D19C839F600350F00;
			remoteInfo = ThunderTableTests;
		};
		B1BA10B11CFDE47300901218 /* PBXContainerItemProxy */ = {
			isa = PBXContainerItemProxy;
			containerPortal = C226781119E2B2950070B470 /* ThunderCloud.xcodeproj */;
			proxyType = 1;
			remoteGlobalIDString = C284D46E19C83FC600DA5EE3;
			remoteInfo = ThunderCloud;
		};
		B1BA10B61CFDE47800901218 /* PBXContainerItemProxy */ = {
			isa = PBXContainerItemProxy;
			containerPortal = C226781419E2B2950070B470 /* ThunderRequest.xcodeproj */;
			proxyType = 1;
			remoteGlobalIDString = C2E5088119C835A300350F00;
			remoteInfo = ThunderRequest;
		};
		B1BA10BA1CFDE47D00901218 /* PBXContainerItemProxy */ = {
			isa = PBXContainerItemProxy;
			containerPortal = C226781719E2B2950070B470 /* ThunderTable.xcodeproj */;
			proxyType = 1;
			remoteGlobalIDString = B17BAA311D89639100844421;
			remoteInfo = ThunderTable;
		};
		B1BA10BE1CFDE48200901218 /* PBXContainerItemProxy */ = {
			isa = PBXContainerItemProxy;
			containerPortal = C226781A19E2B2950070B470 /* ThunderBasics.xcodeproj */;
			proxyType = 1;
			remoteGlobalIDString = C272EF8319C831AB004BD339;
			remoteInfo = ThunderBasics;
		};
		C226782519E2B2950070B470 /* PBXContainerItemProxy */ = {
			isa = PBXContainerItemProxy;
			containerPortal = C226781119E2B2950070B470 /* ThunderCloud.xcodeproj */;
			proxyType = 2;
			remoteGlobalIDString = C284D46F19C83FC600DA5EE3;
			remoteInfo = ThunderCloud;
		};
		C226782719E2B2950070B470 /* PBXContainerItemProxy */ = {
			isa = PBXContainerItemProxy;
			containerPortal = C226781119E2B2950070B470 /* ThunderCloud.xcodeproj */;
			proxyType = 2;
			remoteGlobalIDString = C284D47A19C83FC600DA5EE3;
			remoteInfo = ThunderCloudTests;
		};
		C2C57C1819E2AAEC000F6F1E /* PBXContainerItemProxy */ = {
			isa = PBXContainerItemProxy;
			containerPortal = C2C57BF619E2AAEC000F6F1E /* Project object */;
			proxyType = 1;
			remoteGlobalIDString = C2C57BFD19E2AAEC000F6F1E;
			remoteInfo = "Storm Demo Project";
		};
/* End PBXContainerItemProxy section */

/* Begin PBXCopyFilesBuildPhase section */
		B1BA10B31CFDE47300901218 /* Embed Frameworks */ = {
			isa = PBXCopyFilesBuildPhase;
			buildActionMask = 2147483647;
			dstPath = "";
			dstSubfolderSpec = 10;
			files = (
				B1BA10B91CFDE47D00901218 /* ThunderTable.framework in Embed Frameworks */,
				B1BA10B01CFDE47300901218 /* ThunderCloud.framework in Embed Frameworks */,
				B1BA10BD1CFDE48200901218 /* ThunderBasics.framework in Embed Frameworks */,
				B1BA10B51CFDE47800901218 /* ThunderRequest.framework in Embed Frameworks */,
			);
			name = "Embed Frameworks";
			runOnlyForDeploymentPostprocessing = 0;
		};
/* End PBXCopyFilesBuildPhase section */

/* Begin PBXFileReference section */
		33BC394F19FE4A2000D00987 /* LaunchScreen.xib */ = {isa = PBXFileReference; fileEncoding = 4; lastKnownFileType = file.xib; path = LaunchScreen.xib; sourceTree = "<group>"; };
		33C47FA31A0B6A66007BD920 /* Settings.bundle */ = {isa = PBXFileReference; lastKnownFileType = "wrapper.plug-in"; path = Settings.bundle; sourceTree = "<group>"; };
		36CA67E91A126A680027E061 /* libGoogleAnalyticsServices.a */ = {isa = PBXFileReference; lastKnownFileType = archive.ar; path = libGoogleAnalyticsServices.a; sourceTree = "<group>"; };
		36CA67F01A126AD40027E061 /* GAI.h */ = {isa = PBXFileReference; fileEncoding = 4; lastKnownFileType = sourcecode.c.h; path = GAI.h; sourceTree = "<group>"; };
		36CA67F11A126AD40027E061 /* GAIDictionaryBuilder.h */ = {isa = PBXFileReference; fileEncoding = 4; lastKnownFileType = sourcecode.c.h; path = GAIDictionaryBuilder.h; sourceTree = "<group>"; };
		36CA67F21A126AD40027E061 /* GAIEcommerceFields.h */ = {isa = PBXFileReference; fileEncoding = 4; lastKnownFileType = sourcecode.c.h; path = GAIEcommerceFields.h; sourceTree = "<group>"; };
		36CA67F31A126AD40027E061 /* GAIEcommerceProduct.h */ = {isa = PBXFileReference; fileEncoding = 4; lastKnownFileType = sourcecode.c.h; path = GAIEcommerceProduct.h; sourceTree = "<group>"; };
		36CA67F41A126AD40027E061 /* GAIEcommerceProductAction.h */ = {isa = PBXFileReference; fileEncoding = 4; lastKnownFileType = sourcecode.c.h; path = GAIEcommerceProductAction.h; sourceTree = "<group>"; };
		36CA67F51A126AD40027E061 /* GAIEcommercePromotion.h */ = {isa = PBXFileReference; fileEncoding = 4; lastKnownFileType = sourcecode.c.h; path = GAIEcommercePromotion.h; sourceTree = "<group>"; };
		36CA67F61A126AD40027E061 /* GAIFields.h */ = {isa = PBXFileReference; fileEncoding = 4; lastKnownFileType = sourcecode.c.h; path = GAIFields.h; sourceTree = "<group>"; };
		36CA67F71A126AD40027E061 /* GAILogger.h */ = {isa = PBXFileReference; fileEncoding = 4; lastKnownFileType = sourcecode.c.h; path = GAILogger.h; sourceTree = "<group>"; };
		36CA67F81A126AD40027E061 /* GAITrackedViewController.h */ = {isa = PBXFileReference; fileEncoding = 4; lastKnownFileType = sourcecode.c.h; path = GAITrackedViewController.h; sourceTree = "<group>"; };
		36CA67F91A126AD40027E061 /* GAITracker.h */ = {isa = PBXFileReference; fileEncoding = 4; lastKnownFileType = sourcecode.c.h; path = GAITracker.h; sourceTree = "<group>"; };
		36CA67FE1A126C0F0027E061 /* libz.dylib */ = {isa = PBXFileReference; lastKnownFileType = "compiled.mach-o.dylib"; name = libz.dylib; path = usr/lib/libz.dylib; sourceTree = SDKROOT; };
		36CA68001A126C160027E061 /* CoreData.framework */ = {isa = PBXFileReference; lastKnownFileType = wrapper.framework; name = CoreData.framework; path = System/Library/Frameworks/CoreData.framework; sourceTree = SDKROOT; };
		36CA68021A126C1F0027E061 /* SystemConfiguration.framework */ = {isa = PBXFileReference; lastKnownFileType = wrapper.framework; name = SystemConfiguration.framework; path = System/Library/Frameworks/SystemConfiguration.framework; sourceTree = SDKROOT; };
		49288CE12035847600D2A762 /* AppDelegate.swift */ = {isa = PBXFileReference; lastKnownFileType = sourcecode.swift; path = AppDelegate.swift; sourceTree = "<group>"; };
		49288CED203585E200D2A762 /* DemoListPage.swift */ = {isa = PBXFileReference; lastKnownFileType = sourcecode.swift; path = DemoListPage.swift; sourceTree = "<group>"; };
		C226781119E2B2950070B470 /* ThunderCloud.xcodeproj */ = {isa = PBXFileReference; lastKnownFileType = "wrapper.pb-project"; name = ThunderCloud.xcodeproj; path = "Thunder Cloud/ThunderCloud.xcodeproj"; sourceTree = "<group>"; };
		C226781419E2B2950070B470 /* ThunderRequest.xcodeproj */ = {isa = PBXFileReference; lastKnownFileType = "wrapper.pb-project"; name = ThunderRequest.xcodeproj; path = "Thunder Cloud/ThunderRequest/ThunderRequest.xcodeproj"; sourceTree = "<group>"; };
		C226781719E2B2950070B470 /* ThunderTable.xcodeproj */ = {isa = PBXFileReference; lastKnownFileType = "wrapper.pb-project"; name = ThunderTable.xcodeproj; path = "Thunder Cloud/ThunderTable/ThunderTable.xcodeproj"; sourceTree = "<group>"; };
		C226781A19E2B2950070B470 /* ThunderBasics.xcodeproj */ = {isa = PBXFileReference; lastKnownFileType = "wrapper.pb-project"; name = ThunderBasics.xcodeproj; path = "Thunder Cloud/ThunderBasics/ThunderBasics.xcodeproj"; sourceTree = "<group>"; };
		C2C57BFE19E2AAEC000F6F1E /* Storm Demo Project.app */ = {isa = PBXFileReference; explicitFileType = wrapper.application; includeInIndex = 0; path = "Storm Demo Project.app"; sourceTree = BUILT_PRODUCTS_DIR; };
		C2C57C0219E2AAEC000F6F1E /* Info.plist */ = {isa = PBXFileReference; lastKnownFileType = text.plist.xml; path = Info.plist; sourceTree = "<group>"; };
		C2C57C0E19E2AAEC000F6F1E /* Images.xcassets */ = {isa = PBXFileReference; lastKnownFileType = folder.assetcatalog; path = Images.xcassets; sourceTree = "<group>"; };
		C2C57C1719E2AAEC000F6F1E /* Storm Demo ProjectTests.xctest */ = {isa = PBXFileReference; explicitFileType = wrapper.cfbundle; includeInIndex = 0; path = "Storm Demo ProjectTests.xctest"; sourceTree = BUILT_PRODUCTS_DIR; };
		C2C57C1C19E2AAEC000F6F1E /* Info.plist */ = {isa = PBXFileReference; lastKnownFileType = text.plist.xml; path = Info.plist; sourceTree = "<group>"; };
		C2C57C1D19E2AAEC000F6F1E /* Storm_Demo_ProjectTests.m */ = {isa = PBXFileReference; lastKnownFileType = sourcecode.c.objc; path = Storm_Demo_ProjectTests.m; sourceTree = "<group>"; };
		C2C57C2F19E2ADBD000F6F1E /* Bundle */ = {isa = PBXFileReference; lastKnownFileType = folder; path = Bundle; sourceTree = "<group>"; };
		C2D0DBFC1A12775100C278F2 /* libsqlite3.dylib */ = {isa = PBXFileReference; lastKnownFileType = "compiled.mach-o.dylib"; name = libsqlite3.dylib; path = usr/lib/libsqlite3.dylib; sourceTree = SDKROOT; };
/* End PBXFileReference section */

/* Begin PBXFrameworksBuildPhase section */
		C2C57BFB19E2AAEC000F6F1E /* Frameworks */ = {
			isa = PBXFrameworksBuildPhase;
			buildActionMask = 2147483647;
			files = (
				C2D0DBFD1A12775100C278F2 /* libsqlite3.dylib in Frameworks */,
				B1BA10B41CFDE47800901218 /* ThunderRequest.framework in Frameworks */,
				36CA67EA1A126A680027E061 /* libGoogleAnalyticsServices.a in Frameworks */,
				36CA68031A126C1F0027E061 /* SystemConfiguration.framework in Frameworks */,
				B1BA10B81CFDE47D00901218 /* ThunderTable.framework in Frameworks */,
				B1BA10AF1CFDE47300901218 /* ThunderCloud.framework in Frameworks */,
				36CA68011A126C160027E061 /* CoreData.framework in Frameworks */,
				36CA67FF1A126C0F0027E061 /* libz.dylib in Frameworks */,
				B1BA10BC1CFDE48200901218 /* ThunderBasics.framework in Frameworks */,
			);
			runOnlyForDeploymentPostprocessing = 0;
		};
		C2C57C1419E2AAEC000F6F1E /* Frameworks */ = {
			isa = PBXFrameworksBuildPhase;
			buildActionMask = 2147483647;
			files = (
			);
			runOnlyForDeploymentPostprocessing = 0;
		};
/* End PBXFrameworksBuildPhase section */

/* Begin PBXGroup section */
		36207E3C1A10D3B900DCF4D8 /* Overrides */ = {
			isa = PBXGroup;
			children = (
				49288CED203585E200D2A762 /* DemoListPage.swift */,
			);
			name = Overrides;
			sourceTree = "<group>";
		};
		36CA67EF1A126A7E0027E061 /* Google Headers */ = {
			isa = PBXGroup;
			children = (
				36CA67F01A126AD40027E061 /* GAI.h */,
				36CA67F11A126AD40027E061 /* GAIDictionaryBuilder.h */,
				36CA67F21A126AD40027E061 /* GAIEcommerceFields.h */,
				36CA67F31A126AD40027E061 /* GAIEcommerceProduct.h */,
				36CA67F41A126AD40027E061 /* GAIEcommerceProductAction.h */,
				36CA67F51A126AD40027E061 /* GAIEcommercePromotion.h */,
				36CA67F61A126AD40027E061 /* GAIFields.h */,
				36CA67F71A126AD40027E061 /* GAILogger.h */,
				36CA67F81A126AD40027E061 /* GAITrackedViewController.h */,
				36CA67F91A126AD40027E061 /* GAITracker.h */,
			);
			name = "Google Headers";
			sourceTree = "<group>";
		};
		4977AD5F1AB877B400763C20 /* Frameworks */ = {
			isa = PBXGroup;
			children = (
				C2D0DBFC1A12775100C278F2 /* libsqlite3.dylib */,
				36CA68021A126C1F0027E061 /* SystemConfiguration.framework */,
				36CA68001A126C160027E061 /* CoreData.framework */,
				36CA67FE1A126C0F0027E061 /* libz.dylib */,
				C226781119E2B2950070B470 /* ThunderCloud.xcodeproj */,
				C226781419E2B2950070B470 /* ThunderRequest.xcodeproj */,
				C226781719E2B2950070B470 /* ThunderTable.xcodeproj */,
				C226781A19E2B2950070B470 /* ThunderBasics.xcodeproj */,
			);
			name = Frameworks;
			path = ..;
			sourceTree = "<group>";
		};
		B1BA108D1CFDE3BB00901218 /* Products */ = {
			isa = PBXGroup;
			children = (
				B1BA10AC1CFDE3BB00901218 /* ThunderTable.framework */,
				B1BA10AE1CFDE3BB00901218 /* ThunderTableTests.xctest */,
			);
			name = Products;
			sourceTree = "<group>";
		};
		B1BA108F1CFDE3BB00901218 /* Products */ = {
			isa = PBXGroup;
			children = (
				B1BA10961CFDE3BB00901218 /* ThunderBasics.framework */,
				B1BA10981CFDE3BB00901218 /* ThunderBasicsTests.xctest */,
				49288CE62035847700D2A762 /* ThunderBasicsMac.framework */,
			);
			name = Products;
			sourceTree = "<group>";
		};
		B1BA10911CFDE3BB00901218 /* Products */ = {
			isa = PBXGroup;
			children = (
				B1BA10A01CFDE3BB00901218 /* ThunderRequest.framework */,
				B1BA10A21CFDE3BB00901218 /* ThunderRequestTests.xctest */,
				B1BA10A41CFDE3BB00901218 /* ThunderRequestMac.framework */,
				B1BA10A61CFDE3BB00901218 /* ThunderRequestMacTests.xctest */,
				B1BA10A81CFDE3BB00901218 /* ThunderRequestTV.framework */,
			);
			name = Products;
			sourceTree = "<group>";
		};
		C226781219E2B2950070B470 /* Products */ = {
			isa = PBXGroup;
			children = (
				C226782619E2B2950070B470 /* ThunderCloud.framework */,
				C226782819E2B2950070B470 /* ThunderCloudTests.xctest */,
			);
			name = Products;
			sourceTree = "<group>";
		};
		C2C57BF519E2AAEC000F6F1E = {
			isa = PBXGroup;
			children = (
				C2C57C0019E2AAEC000F6F1E /* Storm Demo Project */,
				C2C57C1A19E2AAEC000F6F1E /* Storm Demo ProjectTests */,
				C2C57BFF19E2AAEC000F6F1E /* Products */,
			);
			sourceTree = "<group>";
		};
		C2C57BFF19E2AAEC000F6F1E /* Products */ = {
			isa = PBXGroup;
			children = (
				C2C57BFE19E2AAEC000F6F1E /* Storm Demo Project.app */,
				C2C57C1719E2AAEC000F6F1E /* Storm Demo ProjectTests.xctest */,
			);
			name = Products;
			sourceTree = "<group>";
		};
		C2C57C0019E2AAEC000F6F1E /* Storm Demo Project */ = {
			isa = PBXGroup;
			children = (
				49288CE12035847600D2A762 /* AppDelegate.swift */,
				36207E3C1A10D3B900DCF4D8 /* Overrides */,
				C2C57C2E19E2AC08000F6F1E /* View Controllers */,
				C2C57C0E19E2AAEC000F6F1E /* Images.xcassets */,
				C2C57C2F19E2ADBD000F6F1E /* Bundle */,
				C2C57C0119E2AAEC000F6F1E /* Supporting Files */,
				4977AD5F1AB877B400763C20 /* Frameworks */,
			);
			path = "Storm Demo Project";
			sourceTree = "<group>";
		};
		C2C57C0119E2AAEC000F6F1E /* Supporting Files */ = {
			isa = PBXGroup;
			children = (
				33C47FA31A0B6A66007BD920 /* Settings.bundle */,
				36CA67EF1A126A7E0027E061 /* Google Headers */,
				36CA67E91A126A680027E061 /* libGoogleAnalyticsServices.a */,
				33BC394F19FE4A2000D00987 /* LaunchScreen.xib */,
				C2C57C0219E2AAEC000F6F1E /* Info.plist */,
			);
			name = "Supporting Files";
			sourceTree = "<group>";
		};
		C2C57C1A19E2AAEC000F6F1E /* Storm Demo ProjectTests */ = {
			isa = PBXGroup;
			children = (
				C2C57C1D19E2AAEC000F6F1E /* Storm_Demo_ProjectTests.m */,
				C2C57C1B19E2AAEC000F6F1E /* Supporting Files */,
			);
			path = "Storm Demo ProjectTests";
			sourceTree = "<group>";
		};
		C2C57C1B19E2AAEC000F6F1E /* Supporting Files */ = {
			isa = PBXGroup;
			children = (
				C2C57C1C19E2AAEC000F6F1E /* Info.plist */,
			);
			name = "Supporting Files";
			sourceTree = "<group>";
		};
		C2C57C2E19E2AC08000F6F1E /* View Controllers */ = {
			isa = PBXGroup;
			children = (
			);
			name = "View Controllers";
			sourceTree = "<group>";
		};
/* End PBXGroup section */

/* Begin PBXNativeTarget section */
		C2C57BFD19E2AAEC000F6F1E /* Storm Demo Project */ = {
			isa = PBXNativeTarget;
			buildConfigurationList = C2C57C2119E2AAEC000F6F1E /* Build configuration list for PBXNativeTarget "Storm Demo Project" */;
			buildPhases = (
				C2C57C2719E2AB37000F6F1E /* Storm Bundle Downloader */,
				C2C57BFA19E2AAEC000F6F1E /* Sources */,
				C2C57BFB19E2AAEC000F6F1E /* Frameworks */,
				C2C57BFC19E2AAEC000F6F1E /* Resources */,
				B1BA10B31CFDE47300901218 /* Embed Frameworks */,
			);
			buildRules = (
			);
			dependencies = (
				B1BA10B21CFDE47300901218 /* PBXTargetDependency */,
				B1BA10B71CFDE47800901218 /* PBXTargetDependency */,
				B1BA10BB1CFDE47D00901218 /* PBXTargetDependency */,
				B1BA10BF1CFDE48200901218 /* PBXTargetDependency */,
			);
			name = "Storm Demo Project";
			productName = "Storm Demo Project";
			productReference = C2C57BFE19E2AAEC000F6F1E /* Storm Demo Project.app */;
			productType = "com.apple.product-type.application";
		};
		C2C57C1619E2AAEC000F6F1E /* Storm Demo ProjectTests */ = {
			isa = PBXNativeTarget;
			buildConfigurationList = C2C57C2419E2AAEC000F6F1E /* Build configuration list for PBXNativeTarget "Storm Demo ProjectTests" */;
			buildPhases = (
				C2C57C1319E2AAEC000F6F1E /* Sources */,
				C2C57C1419E2AAEC000F6F1E /* Frameworks */,
				C2C57C1519E2AAEC000F6F1E /* Resources */,
			);
			buildRules = (
			);
			dependencies = (
				C2C57C1919E2AAEC000F6F1E /* PBXTargetDependency */,
			);
			name = "Storm Demo ProjectTests";
			productName = "Storm Demo ProjectTests";
			productReference = C2C57C1719E2AAEC000F6F1E /* Storm Demo ProjectTests.xctest */;
			productType = "com.apple.product-type.bundle.unit-test";
		};
/* End PBXNativeTarget section */

/* Begin PBXProject section */
		C2C57BF619E2AAEC000F6F1E /* Project object */ = {
			isa = PBXProject;
			attributes = {
				LastUpgradeCheck = 0920;
				ORGANIZATIONNAME = threesidedcube;
				TargetAttributes = {
					C2C57BFD19E2AAEC000F6F1E = {
						CreatedOnToolsVersion = 6.1;
						LastSwiftMigration = 0920;
					};
					C2C57C1619E2AAEC000F6F1E = {
						CreatedOnToolsVersion = 6.1;
						TestTargetID = C2C57BFD19E2AAEC000F6F1E;
					};
				};
			};
			buildConfigurationList = C2C57BF919E2AAEC000F6F1E /* Build configuration list for PBXProject "Storm Demo Project" */;
			compatibilityVersion = "Xcode 3.2";
			developmentRegion = English;
			hasScannedForEncodings = 0;
			knownRegions = (
				en,
				Base,
			);
			mainGroup = C2C57BF519E2AAEC000F6F1E;
			productRefGroup = C2C57BFF19E2AAEC000F6F1E /* Products */;
			projectDirPath = "";
			projectReferences = (
				{
					ProductGroup = B1BA108F1CFDE3BB00901218 /* Products */;
					ProjectRef = C226781A19E2B2950070B470 /* ThunderBasics.xcodeproj */;
				},
				{
					ProductGroup = C226781219E2B2950070B470 /* Products */;
					ProjectRef = C226781119E2B2950070B470 /* ThunderCloud.xcodeproj */;
				},
				{
					ProductGroup = B1BA10911CFDE3BB00901218 /* Products */;
					ProjectRef = C226781419E2B2950070B470 /* ThunderRequest.xcodeproj */;
				},
				{
					ProductGroup = B1BA108D1CFDE3BB00901218 /* Products */;
					ProjectRef = C226781719E2B2950070B470 /* ThunderTable.xcodeproj */;
				},
			);
			projectRoot = "";
			targets = (
				C2C57BFD19E2AAEC000F6F1E /* Storm Demo Project */,
				C2C57C1619E2AAEC000F6F1E /* Storm Demo ProjectTests */,
			);
		};
/* End PBXProject section */

/* Begin PBXReferenceProxy section */
		49288CE62035847700D2A762 /* ThunderBasicsMac.framework */ = {
			isa = PBXReferenceProxy;
			fileType = wrapper.framework;
			path = ThunderBasicsMac.framework;
			remoteRef = 49288CE52035847700D2A762 /* PBXContainerItemProxy */;
			sourceTree = BUILT_PRODUCTS_DIR;
		};
		B1BA10961CFDE3BB00901218 /* ThunderBasics.framework */ = {
			isa = PBXReferenceProxy;
			fileType = wrapper.framework;
			path = ThunderBasics.framework;
			remoteRef = B1BA10951CFDE3BB00901218 /* PBXContainerItemProxy */;
			sourceTree = BUILT_PRODUCTS_DIR;
		};
		B1BA10981CFDE3BB00901218 /* ThunderBasicsTests.xctest */ = {
			isa = PBXReferenceProxy;
			fileType = wrapper.cfbundle;
			path = ThunderBasicsTests.xctest;
			remoteRef = B1BA10971CFDE3BB00901218 /* PBXContainerItemProxy */;
			sourceTree = BUILT_PRODUCTS_DIR;
		};
		B1BA10A01CFDE3BB00901218 /* ThunderRequest.framework */ = {
			isa = PBXReferenceProxy;
			fileType = wrapper.framework;
			path = ThunderRequest.framework;
			remoteRef = B1BA109F1CFDE3BB00901218 /* PBXContainerItemProxy */;
			sourceTree = BUILT_PRODUCTS_DIR;
		};
		B1BA10A21CFDE3BB00901218 /* ThunderRequestTests.xctest */ = {
			isa = PBXReferenceProxy;
			fileType = wrapper.cfbundle;
			path = ThunderRequestTests.xctest;
			remoteRef = B1BA10A11CFDE3BB00901218 /* PBXContainerItemProxy */;
			sourceTree = BUILT_PRODUCTS_DIR;
		};
		B1BA10A41CFDE3BB00901218 /* ThunderRequestMac.framework */ = {
			isa = PBXReferenceProxy;
			fileType = wrapper.framework;
			path = ThunderRequestMac.framework;
			remoteRef = B1BA10A31CFDE3BB00901218 /* PBXContainerItemProxy */;
			sourceTree = BUILT_PRODUCTS_DIR;
		};
		B1BA10A61CFDE3BB00901218 /* ThunderRequestMacTests.xctest */ = {
			isa = PBXReferenceProxy;
			fileType = wrapper.cfbundle;
			path = ThunderRequestMacTests.xctest;
			remoteRef = B1BA10A51CFDE3BB00901218 /* PBXContainerItemProxy */;
			sourceTree = BUILT_PRODUCTS_DIR;
		};
		B1BA10A81CFDE3BB00901218 /* ThunderRequestTV.framework */ = {
			isa = PBXReferenceProxy;
			fileType = wrapper.framework;
			path = ThunderRequestTV.framework;
			remoteRef = B1BA10A71CFDE3BB00901218 /* PBXContainerItemProxy */;
			sourceTree = BUILT_PRODUCTS_DIR;
		};
		B1BA10AC1CFDE3BB00901218 /* ThunderTable.framework */ = {
			isa = PBXReferenceProxy;
			fileType = wrapper.framework;
			path = ThunderTable.framework;
			remoteRef = B1BA10AB1CFDE3BB00901218 /* PBXContainerItemProxy */;
			sourceTree = BUILT_PRODUCTS_DIR;
		};
		B1BA10AE1CFDE3BB00901218 /* ThunderTableTests.xctest */ = {
			isa = PBXReferenceProxy;
			fileType = wrapper.cfbundle;
			path = ThunderTableTests.xctest;
			remoteRef = B1BA10AD1CFDE3BB00901218 /* PBXContainerItemProxy */;
			sourceTree = BUILT_PRODUCTS_DIR;
		};
		C226782619E2B2950070B470 /* ThunderCloud.framework */ = {
			isa = PBXReferenceProxy;
			fileType = wrapper.framework;
			path = ThunderCloud.framework;
			remoteRef = C226782519E2B2950070B470 /* PBXContainerItemProxy */;
			sourceTree = BUILT_PRODUCTS_DIR;
		};
		C226782819E2B2950070B470 /* ThunderCloudTests.xctest */ = {
			isa = PBXReferenceProxy;
			fileType = wrapper.cfbundle;
			path = ThunderCloudTests.xctest;
			remoteRef = C226782719E2B2950070B470 /* PBXContainerItemProxy */;
			sourceTree = BUILT_PRODUCTS_DIR;
		};
/* End PBXReferenceProxy section */

/* Begin PBXResourcesBuildPhase section */
		C2C57BFC19E2AAEC000F6F1E /* Resources */ = {
			isa = PBXResourcesBuildPhase;
			buildActionMask = 2147483647;
			files = (
				33C47FA41A0B6A66007BD920 /* Settings.bundle in Resources */,
				C2C57C0F19E2AAEC000F6F1E /* Images.xcassets in Resources */,
				33BC395019FE4A2000D00987 /* LaunchScreen.xib in Resources */,
				C2C57C3019E2ADBD000F6F1E /* Bundle in Resources */,
			);
			runOnlyForDeploymentPostprocessing = 0;
		};
		C2C57C1519E2AAEC000F6F1E /* Resources */ = {
			isa = PBXResourcesBuildPhase;
			buildActionMask = 2147483647;
			files = (
			);
			runOnlyForDeploymentPostprocessing = 0;
		};
/* End PBXResourcesBuildPhase section */

/* Begin PBXShellScriptBuildPhase section */
		C2C57C2719E2AB37000F6F1E /* Storm Bundle Downloader */ = {
			isa = PBXShellScriptBuildPhase;
			buildActionMask = 12;
			files = (
			);
			inputPaths = (
			);
			name = "Storm Bundle Downloader";
			outputPaths = (
			);
			runOnlyForDeploymentPostprocessing = 0;
			shellPath = /bin/sh;
			shellScript = "##################################################\n# Setup variables for folders and plist entries  #\n# Generally you should only need to change the   #\n# baseFolder variable                            #\n##################################################\nbaseFolder=$PROJECT_NAME;\nbundleFolder=\"Bundle\";\nappId=$(/usr/libexec/PlistBuddy -c \"Print TSCAppId\" \"$INFOPLIST_FILE\");\nbaseUrl=$(/usr/libexec/PlistBuddy -c \"Print TSCBaseURL\" \"$INFOPLIST_FILE\");\napiVersion=$(/usr/libexec/PlistBuddy -c \"Print TSCAPIVersion\" \"$INFOPLIST_FILE\");\n\n######################################################\n# MANUAL OVERRIDE                                    #\n# If you wish to pull a custom bundle define so here #\n######################################################\noverrideEnabled=FALSE\noverrideUrl=\"https://s3.amazonaws.com/arc.cubeapis.com/bundles/8/test/1401897229_1417620719.tar.gz\";\n\n###########################\n# Download latest files   #\n###########################\nmkdir -p \"$baseFolder/$appId\";\n\nif [ -d \"$baseFolder/$appId\" ]; then\ncd \"$baseFolder/$appId\"; for i in *; do rm -rf \"$i\"; done;\nfi\n\ncd \"../../\";\n\nif $overrideEnabled ; then\ncurl $overrideUrl -o \"bundle.tar.gz\" -v\nelse\n\ncurl $baseUrl/$apiVersion/apps/$appId/bundle?environment=live -vLo \"bundle.tar.gz\"\n\nfi\n\nif [ -e \"bundle.tar.gz\" ]; then\n\ntar -zxf \"bundle.tar.gz\" -C \"$baseFolder/$appId\"\n\nrm \"bundle.tar.gz\"\n\n############################################################################################\n# Setup Bundle directory.                                                                  #\n# Ensure this folder is included as a refrenced folder in your project once it is created  #\n############################################################################################\nmkdir -p \"$baseFolder/$bundleFolder\";\n\nif [ -d \"$baseFolder/$bundleFolder\" ]; then\ncd \"$baseFolder/$bundleFolder\"; for i in *; do rm -rf \"$i\"; done;\nfi\n\n#######################################################################\n# Copy downloaded files from numbered app folder into bundle folder   #\n#######################################################################\ncd \"../../\"\nif [ -d \"$baseFolder/$appId\" ]; then\ncd \"$baseFolder/$appId\"; for i in *; do cp -R \"$i\" \"../$bundleFolder/$i\"; done;\nfi\n\nelse\n\nif [ -e \"bundle.tar.gz\" ]; then\n\nrm \"bundle.tar.gz\"\n\nfi\n\nfi";
		};
/* End PBXShellScriptBuildPhase section */

/* Begin PBXSourcesBuildPhase section */
		C2C57BFA19E2AAEC000F6F1E /* Sources */ = {
			isa = PBXSourcesBuildPhase;
			buildActionMask = 2147483647;
			files = (
				49288CE22035847600D2A762 /* AppDelegate.swift in Sources */,
				49288CEE203585E200D2A762 /* DemoListPage.swift in Sources */,
			);
			runOnlyForDeploymentPostprocessing = 0;
		};
		C2C57C1319E2AAEC000F6F1E /* Sources */ = {
			isa = PBXSourcesBuildPhase;
			buildActionMask = 2147483647;
			files = (
				C2C57C1E19E2AAEC000F6F1E /* Storm_Demo_ProjectTests.m in Sources */,
			);
			runOnlyForDeploymentPostprocessing = 0;
		};
/* End PBXSourcesBuildPhase section */

/* Begin PBXTargetDependency section */
		B1BA10B21CFDE47300901218 /* PBXTargetDependency */ = {
			isa = PBXTargetDependency;
			name = ThunderCloud;
			targetProxy = B1BA10B11CFDE47300901218 /* PBXContainerItemProxy */;
		};
		B1BA10B71CFDE47800901218 /* PBXTargetDependency */ = {
			isa = PBXTargetDependency;
			name = ThunderRequest;
			targetProxy = B1BA10B61CFDE47800901218 /* PBXContainerItemProxy */;
		};
		B1BA10BB1CFDE47D00901218 /* PBXTargetDependency */ = {
			isa = PBXTargetDependency;
			name = ThunderTable;
			targetProxy = B1BA10BA1CFDE47D00901218 /* PBXContainerItemProxy */;
		};
		B1BA10BF1CFDE48200901218 /* PBXTargetDependency */ = {
			isa = PBXTargetDependency;
			name = ThunderBasics;
			targetProxy = B1BA10BE1CFDE48200901218 /* PBXContainerItemProxy */;
		};
		C2C57C1919E2AAEC000F6F1E /* PBXTargetDependency */ = {
			isa = PBXTargetDependency;
			target = C2C57BFD19E2AAEC000F6F1E /* Storm Demo Project */;
			targetProxy = C2C57C1819E2AAEC000F6F1E /* PBXContainerItemProxy */;
		};
/* End PBXTargetDependency section */

/* Begin XCBuildConfiguration section */
		C2C57C1F19E2AAEC000F6F1E /* Debug */ = {
			isa = XCBuildConfiguration;
			buildSettings = {
				ALWAYS_SEARCH_USER_PATHS = NO;
				CLANG_CXX_LANGUAGE_STANDARD = "gnu++0x";
				CLANG_CXX_LIBRARY = "libc++";
				CLANG_ENABLE_MODULES = YES;
				CLANG_ENABLE_OBJC_ARC = YES;
				CLANG_WARN_BLOCK_CAPTURE_AUTORELEASING = YES;
				CLANG_WARN_BOOL_CONVERSION = YES;
				CLANG_WARN_COMMA = YES;
				CLANG_WARN_CONSTANT_CONVERSION = YES;
				CLANG_WARN_DIRECT_OBJC_ISA_USAGE = YES_ERROR;
				CLANG_WARN_EMPTY_BODY = YES;
				CLANG_WARN_ENUM_CONVERSION = YES;
				CLANG_WARN_INFINITE_RECURSION = YES;
				CLANG_WARN_INT_CONVERSION = YES;
				CLANG_WARN_NON_LITERAL_NULL_CONVERSION = YES;
				CLANG_WARN_OBJC_LITERAL_CONVERSION = YES;
				CLANG_WARN_OBJC_ROOT_CLASS = YES_ERROR;
				CLANG_WARN_RANGE_LOOP_ANALYSIS = YES;
				CLANG_WARN_STRICT_PROTOTYPES = YES;
				CLANG_WARN_SUSPICIOUS_MOVE = YES;
				CLANG_WARN_UNREACHABLE_CODE = YES;
				CLANG_WARN__DUPLICATE_METHOD_MATCH = YES;
				CODE_SIGN_IDENTITY = "iPhone Distribution: 3 Sided Cube Design Ltd";
				"CODE_SIGN_IDENTITY[sdk=iphoneos*]" = "iPhone Distribution: 3 Sided Cube Design Ltd";
				COPY_PHASE_STRIP = NO;
				ENABLE_STRICT_OBJC_MSGSEND = YES;
				ENABLE_TESTABILITY = YES;
				GCC_C_LANGUAGE_STANDARD = gnu99;
				GCC_DYNAMIC_NO_PIC = NO;
				GCC_NO_COMMON_BLOCKS = YES;
				GCC_OPTIMIZATION_LEVEL = 0;
				GCC_PREPROCESSOR_DEFINITIONS = (
					"DEBUG=1",
					"$(inherited)",
				);
				GCC_SYMBOLS_PRIVATE_EXTERN = NO;
				GCC_WARN_64_TO_32_BIT_CONVERSION = YES;
				GCC_WARN_ABOUT_RETURN_TYPE = YES_ERROR;
				GCC_WARN_UNDECLARED_SELECTOR = YES;
				GCC_WARN_UNINITIALIZED_AUTOS = YES_AGGRESSIVE;
				GCC_WARN_UNUSED_FUNCTION = YES;
				GCC_WARN_UNUSED_VARIABLE = YES;
				IPHONEOS_DEPLOYMENT_TARGET = 10.0;
				MTL_ENABLE_DEBUG_INFO = YES;
				ONLY_ACTIVE_ARCH = YES;
				PROVISIONING_PROFILE = "c8bc3f7d-727a-4ff9-94c0-b2c6ade8d798";
				SDKROOT = iphoneos;
				TARGETED_DEVICE_FAMILY = "1,2";
			};
			name = Debug;
		};
		C2C57C2019E2AAEC000F6F1E /* Release */ = {
			isa = XCBuildConfiguration;
			buildSettings = {
				ALWAYS_SEARCH_USER_PATHS = NO;
				CLANG_CXX_LANGUAGE_STANDARD = "gnu++0x";
				CLANG_CXX_LIBRARY = "libc++";
				CLANG_ENABLE_MODULES = YES;
				CLANG_ENABLE_OBJC_ARC = YES;
				CLANG_WARN_BLOCK_CAPTURE_AUTORELEASING = YES;
				CLANG_WARN_BOOL_CONVERSION = YES;
				CLANG_WARN_COMMA = YES;
				CLANG_WARN_CONSTANT_CONVERSION = YES;
				CLANG_WARN_DIRECT_OBJC_ISA_USAGE = YES_ERROR;
				CLANG_WARN_EMPTY_BODY = YES;
				CLANG_WARN_ENUM_CONVERSION = YES;
				CLANG_WARN_INFINITE_RECURSION = YES;
				CLANG_WARN_INT_CONVERSION = YES;
				CLANG_WARN_NON_LITERAL_NULL_CONVERSION = YES;
				CLANG_WARN_OBJC_LITERAL_CONVERSION = YES;
				CLANG_WARN_OBJC_ROOT_CLASS = YES_ERROR;
				CLANG_WARN_RANGE_LOOP_ANALYSIS = YES;
				CLANG_WARN_STRICT_PROTOTYPES = YES;
				CLANG_WARN_SUSPICIOUS_MOVE = YES;
				CLANG_WARN_UNREACHABLE_CODE = YES;
				CLANG_WARN__DUPLICATE_METHOD_MATCH = YES;
				CODE_SIGN_IDENTITY = "iPhone Distribution: 3 Sided Cube Design Ltd";
				"CODE_SIGN_IDENTITY[sdk=iphoneos*]" = "iPhone Distribution: 3 Sided Cube Design Ltd";
				COPY_PHASE_STRIP = YES;
				ENABLE_NS_ASSERTIONS = NO;
				ENABLE_STRICT_OBJC_MSGSEND = YES;
				GCC_C_LANGUAGE_STANDARD = gnu99;
				GCC_NO_COMMON_BLOCKS = YES;
				GCC_WARN_64_TO_32_BIT_CONVERSION = YES;
				GCC_WARN_ABOUT_RETURN_TYPE = YES_ERROR;
				GCC_WARN_UNDECLARED_SELECTOR = YES;
				GCC_WARN_UNINITIALIZED_AUTOS = YES_AGGRESSIVE;
				GCC_WARN_UNUSED_FUNCTION = YES;
				GCC_WARN_UNUSED_VARIABLE = YES;
				IPHONEOS_DEPLOYMENT_TARGET = 10.0;
				MTL_ENABLE_DEBUG_INFO = NO;
				PROVISIONING_PROFILE = "c8bc3f7d-727a-4ff9-94c0-b2c6ade8d798";
				SDKROOT = iphoneos;
				SWIFT_OPTIMIZATION_LEVEL = "-Owholemodule";
				TARGETED_DEVICE_FAMILY = "1,2";
				VALIDATE_PRODUCT = YES;
			};
			name = Release;
		};
		C2C57C2219E2AAEC000F6F1E /* Debug */ = {
			isa = XCBuildConfiguration;
			buildSettings = {
				ALWAYS_EMBED_SWIFT_STANDARD_LIBRARIES = YES;
				ASSETCATALOG_COMPILER_APPICON_NAME = AppIcon;
				ASSETCATALOG_COMPILER_LAUNCHIMAGE_NAME = LaunchImage;
				CLANG_ENABLE_MODULES = YES;
				CODE_SIGN_IDENTITY = "iPhone Developer";
				ENABLE_BITCODE = YES;
				FRAMEWORK_SEARCH_PATHS = "$(inherited)";
				HEADER_SEARCH_PATHS = "$(inherited)";
				INFOPLIST_FILE = "Storm Demo Project/Info.plist";
				IPHONEOS_DEPLOYMENT_TARGET = 10.0;
				LD_RUNPATH_SEARCH_PATHS = "$(inherited) @executable_path/Frameworks";
				LIBRARY_SEARCH_PATHS = (
					"$(inherited)",
					"$(PROJECT_DIR)/Storm",
					Demo,
					Project,
					"$(PROJECT_DIR)/Storm",
					Demo,
					Project,
					"$(PROJECT_DIR)/Storm",
					Demo,
					Project,
					"\"$(SRCROOT)/Storm Demo Project\"",
				);
				OTHER_LDFLAGS = (
					"-ObjC",
					"-all_load",
				);
				PRODUCT_BUNDLE_IDENTIFIER = co.stormcorp.demo;
				PRODUCT_NAME = "$(TARGET_NAME)";
				PROVISIONING_PROFILE = "";
				SWIFT_OPTIMIZATION_LEVEL = "-Onone";
				SWIFT_VERSION = 3.0;
				TARGETED_DEVICE_FAMILY = "1,2";
			};
			name = Debug;
		};
		C2C57C2319E2AAEC000F6F1E /* Release */ = {
			isa = XCBuildConfiguration;
			buildSettings = {
				ALWAYS_EMBED_SWIFT_STANDARD_LIBRARIES = YES;
				ASSETCATALOG_COMPILER_APPICON_NAME = AppIcon;
				ASSETCATALOG_COMPILER_LAUNCHIMAGE_NAME = LaunchImage;
				CLANG_ENABLE_MODULES = YES;
				CODE_SIGN_IDENTITY = "iPhone Developer";
				ENABLE_BITCODE = YES;
				FRAMEWORK_SEARCH_PATHS = "$(inherited)";
				HEADER_SEARCH_PATHS = "$(inherited)";
				INFOPLIST_FILE = "Storm Demo Project/Info.plist";
				IPHONEOS_DEPLOYMENT_TARGET = 10.0;
				LD_RUNPATH_SEARCH_PATHS = "$(inherited) @executable_path/Frameworks";
				LIBRARY_SEARCH_PATHS = (
					"$(inherited)",
					"$(PROJECT_DIR)/Storm",
					Demo,
					Project,
					"$(PROJECT_DIR)/Storm",
					Demo,
					Project,
					"$(PROJECT_DIR)/Storm",
					Demo,
					Project,
					"\"$(SRCROOT)/Storm Demo Project\"",
				);
				OTHER_LDFLAGS = (
					"-ObjC",
					"-all_load",
				);
				PRODUCT_BUNDLE_IDENTIFIER = co.stormcorp.demo;
				PRODUCT_NAME = "$(TARGET_NAME)";
				PROVISIONING_PROFILE = "";
				SWIFT_VERSION = 3.0;
				TARGETED_DEVICE_FAMILY = "1,2";
			};
			name = Release;
		};
		C2C57C2519E2AAEC000F6F1E /* Debug */ = {
			isa = XCBuildConfiguration;
			buildSettings = {
				ALWAYS_EMBED_SWIFT_STANDARD_LIBRARIES = YES;
				BUNDLE_LOADER = "$(TEST_HOST)";
				FRAMEWORK_SEARCH_PATHS = (
					"$(SDKROOT)/Developer/Library/Frameworks",
					"$(inherited)",
				);
				GCC_PREPROCESSOR_DEFINITIONS = (
					"DEBUG=1",
					"$(inherited)",
				);
				INFOPLIST_FILE = "Storm Demo ProjectTests/Info.plist";
				LD_RUNPATH_SEARCH_PATHS = "$(inherited) @executable_path/Frameworks @loader_path/Frameworks";
				PRODUCT_BUNDLE_IDENTIFIER = "com.threesidedcube.$(PRODUCT_NAME:rfc1034identifier)";
				PRODUCT_NAME = "$(TARGET_NAME)";
				TEST_HOST = "$(BUILT_PRODUCTS_DIR)/Storm Demo Project.app/Storm Demo Project";
			};
			name = Debug;
		};
		C2C57C2619E2AAEC000F6F1E /* Release */ = {
			isa = XCBuildConfiguration;
			buildSettings = {
				ALWAYS_EMBED_SWIFT_STANDARD_LIBRARIES = YES;
				BUNDLE_LOADER = "$(TEST_HOST)";
				FRAMEWORK_SEARCH_PATHS = (
					"$(SDKROOT)/Developer/Library/Frameworks",
					"$(inherited)",
				);
				INFOPLIST_FILE = "Storm Demo ProjectTests/Info.plist";
				LD_RUNPATH_SEARCH_PATHS = "$(inherited) @executable_path/Frameworks @loader_path/Frameworks";
				PRODUCT_BUNDLE_IDENTIFIER = "com.threesidedcube.$(PRODUCT_NAME:rfc1034identifier)";
				PRODUCT_NAME = "$(TARGET_NAME)";
				TEST_HOST = "$(BUILT_PRODUCTS_DIR)/Storm Demo Project.app/Storm Demo Project";
			};
			name = Release;
		};
/* End XCBuildConfiguration section */

/* Begin XCConfigurationList section */
		C2C57BF919E2AAEC000F6F1E /* Build configuration list for PBXProject "Storm Demo Project" */ = {
			isa = XCConfigurationList;
			buildConfigurations = (
				C2C57C1F19E2AAEC000F6F1E /* Debug */,
				C2C57C2019E2AAEC000F6F1E /* Release */,
			);
			defaultConfigurationIsVisible = 0;
			defaultConfigurationName = Release;
		};
		C2C57C2119E2AAEC000F6F1E /* Build configuration list for PBXNativeTarget "Storm Demo Project" */ = {
			isa = XCConfigurationList;
			buildConfigurations = (
				C2C57C2219E2AAEC000F6F1E /* Debug */,
				C2C57C2319E2AAEC000F6F1E /* Release */,
			);
			defaultConfigurationIsVisible = 0;
			defaultConfigurationName = Release;
		};
		C2C57C2419E2AAEC000F6F1E /* Build configuration list for PBXNativeTarget "Storm Demo ProjectTests" */ = {
			isa = XCConfigurationList;
			buildConfigurations = (
				C2C57C2519E2AAEC000F6F1E /* Debug */,
				C2C57C2619E2AAEC000F6F1E /* Release */,
			);
			defaultConfigurationIsVisible = 0;
			defaultConfigurationName = Release;
		};
/* End XCConfigurationList section */
	};
	rootObject = C2C57BF619E2AAEC000F6F1E /* Project object */;
}
