// !$*UTF8*$!
{
	archiveVersion = 1;
	classes = {
	};
	objectVersion = 46;
	objects = {

/* Begin PBXBuildFile section */
		33BC395019FE4A2000D00987 /* LaunchScreen.xib in Resources */ = {isa = PBXBuildFile; fileRef = 33BC394F19FE4A2000D00987 /* LaunchScreen.xib */; };
		33C47FA41A0B6A66007BD920 /* Settings.bundle in Resources */ = {isa = PBXBuildFile; fileRef = 33C47FA31A0B6A66007BD920 /* Settings.bundle */; };
		36207E431A10D42F00DCF4D8 /* SDPListPage.m in Sources */ = {isa = PBXBuildFile; fileRef = 36207E421A10D42F00DCF4D8 /* SDPListPage.m */; };
		36402DEA1A0B71E700C0FBD1 /* SDPWelcomeViewController.m in Sources */ = {isa = PBXBuildFile; fileRef = 36402DE91A0B71E700C0FBD1 /* SDPWelcomeViewController.m */; };
		36CA67C11A1216320027E061 /* SPDStandardListItem.m in Sources */ = {isa = PBXBuildFile; fileRef = 36CA67C01A1216320027E061 /* SPDStandardListItem.m */; };
		36CA67C41A1216550027E061 /* SPDEmbeddedLinksListItemCell.m in Sources */ = {isa = PBXBuildFile; fileRef = 36CA67C31A1216550027E061 /* SPDEmbeddedLinksListItemCell.m */; };
		C226783519E2B2CC0070B470 /* ThunderCloud.framework in Frameworks */ = {isa = PBXBuildFile; fileRef = C226782619E2B2950070B470 /* ThunderCloud.framework */; };
		C226783619E2B2CC0070B470 /* ThunderCloud.framework in Embed Frameworks */ = {isa = PBXBuildFile; fileRef = C226782619E2B2950070B470 /* ThunderCloud.framework */; settings = {ATTRIBUTES = (CodeSignOnCopy, RemoveHeadersOnCopy, ); }; };
		C226783A19E2B2D30070B470 /* ThunderRequest.framework in Frameworks */ = {isa = PBXBuildFile; fileRef = C226782C19E2B2950070B470 /* ThunderRequest.framework */; };
		C226783B19E2B2D30070B470 /* ThunderRequest.framework in Embed Frameworks */ = {isa = PBXBuildFile; fileRef = C226782C19E2B2950070B470 /* ThunderRequest.framework */; settings = {ATTRIBUTES = (CodeSignOnCopy, RemoveHeadersOnCopy, ); }; };
		C226783E19E2B2D70070B470 /* ThunderTable.framework in Frameworks */ = {isa = PBXBuildFile; fileRef = C226783219E2B2950070B470 /* ThunderTable.framework */; };
		C226783F19E2B2D70070B470 /* ThunderTable.framework in Embed Frameworks */ = {isa = PBXBuildFile; fileRef = C226783219E2B2950070B470 /* ThunderTable.framework */; settings = {ATTRIBUTES = (CodeSignOnCopy, RemoveHeadersOnCopy, ); }; };
		C226784219E2B2DC0070B470 /* ThunderBasics.framework in Frameworks */ = {isa = PBXBuildFile; fileRef = C226782019E2B2950070B470 /* ThunderBasics.framework */; };
		C226784319E2B2DC0070B470 /* ThunderBasics.framework in Embed Frameworks */ = {isa = PBXBuildFile; fileRef = C226782019E2B2950070B470 /* ThunderBasics.framework */; settings = {ATTRIBUTES = (CodeSignOnCopy, RemoveHeadersOnCopy, ); }; };
		C2C57C0419E2AAEC000F6F1E /* main.m in Sources */ = {isa = PBXBuildFile; fileRef = C2C57C0319E2AAEC000F6F1E /* main.m */; };
		C2C57C0719E2AAEC000F6F1E /* AppDelegate.m in Sources */ = {isa = PBXBuildFile; fileRef = C2C57C0619E2AAEC000F6F1E /* AppDelegate.m */; };
		C2C57C0F19E2AAEC000F6F1E /* Images.xcassets in Resources */ = {isa = PBXBuildFile; fileRef = C2C57C0E19E2AAEC000F6F1E /* Images.xcassets */; };
		C2C57C1E19E2AAEC000F6F1E /* Storm_Demo_ProjectTests.m in Sources */ = {isa = PBXBuildFile; fileRef = C2C57C1D19E2AAEC000F6F1E /* Storm_Demo_ProjectTests.m */; };
		C2C57C3019E2ADBD000F6F1E /* Bundle in Resources */ = {isa = PBXBuildFile; fileRef = C2C57C2F19E2ADBD000F6F1E /* Bundle */; };
		C2D21F0D19FE87BB00F145F5 /* StormTheme.m in Sources */ = {isa = PBXBuildFile; fileRef = C2D21F0C19FE87BB00F145F5 /* StormTheme.m */; };
/* End PBXBuildFile section */

/* Begin PBXContainerItemProxy section */
		C226781F19E2B2950070B470 /* PBXContainerItemProxy */ = {
			isa = PBXContainerItemProxy;
			containerPortal = C226781A19E2B2950070B470 /* ThunderBasics.xcodeproj */;
			proxyType = 2;
			remoteGlobalIDString = C272EF8419C831AB004BD339;
			remoteInfo = ThunderBasics;
		};
		C226782119E2B2950070B470 /* PBXContainerItemProxy */ = {
			isa = PBXContainerItemProxy;
			containerPortal = C226781A19E2B2950070B470 /* ThunderBasics.xcodeproj */;
			proxyType = 2;
			remoteGlobalIDString = C272EF8F19C831AC004BD339;
			remoteInfo = ThunderBasicsTests;
		};
		C226782519E2B2950070B470 /* PBXContainerItemProxy */ = {
			isa = PBXContainerItemProxy;
			containerPortal = C226781119E2B2950070B470 /* ThunderCloud.xcodeproj */;
			proxyType = 2;
			remoteGlobalIDString = C284D46F19C83FC600DA5EE3;
			remoteInfo = ThunderCloud;
		};
		C226782719E2B2950070B470 /* PBXContainerItemProxy */ = {
			isa = PBXContainerItemProxy;
			containerPortal = C226781119E2B2950070B470 /* ThunderCloud.xcodeproj */;
			proxyType = 2;
			remoteGlobalIDString = C284D47A19C83FC600DA5EE3;
			remoteInfo = ThunderCloudTests;
		};
		C226782B19E2B2950070B470 /* PBXContainerItemProxy */ = {
			isa = PBXContainerItemProxy;
			containerPortal = C226781419E2B2950070B470 /* ThunderRequest.xcodeproj */;
			proxyType = 2;
			remoteGlobalIDString = C2E5088219C835A300350F00;
			remoteInfo = ThunderRequest;
		};
		C226782D19E2B2950070B470 /* PBXContainerItemProxy */ = {
			isa = PBXContainerItemProxy;
			containerPortal = C226781419E2B2950070B470 /* ThunderRequest.xcodeproj */;
			proxyType = 2;
			remoteGlobalIDString = C2E5088D19C835A300350F00;
			remoteInfo = ThunderRequestTests;
		};
		C226783119E2B2950070B470 /* PBXContainerItemProxy */ = {
			isa = PBXContainerItemProxy;
			containerPortal = C226781719E2B2950070B470 /* ThunderTable.xcodeproj */;
			proxyType = 2;
			remoteGlobalIDString = C2E5098219C839F600350F00;
			remoteInfo = ThunderTable;
		};
		C226783319E2B2950070B470 /* PBXContainerItemProxy */ = {
			isa = PBXContainerItemProxy;
			containerPortal = C226781719E2B2950070B470 /* ThunderTable.xcodeproj */;
			proxyType = 2;
			remoteGlobalIDString = C2E5098D19C839F600350F00;
			remoteInfo = ThunderTableTests;
		};
		C226783719E2B2CC0070B470 /* PBXContainerItemProxy */ = {
			isa = PBXContainerItemProxy;
			containerPortal = C226781119E2B2950070B470 /* ThunderCloud.xcodeproj */;
			proxyType = 1;
			remoteGlobalIDString = C284D46E19C83FC600DA5EE3;
			remoteInfo = ThunderCloud;
		};
		C226783C19E2B2D30070B470 /* PBXContainerItemProxy */ = {
			isa = PBXContainerItemProxy;
			containerPortal = C226781419E2B2950070B470 /* ThunderRequest.xcodeproj */;
			proxyType = 1;
			remoteGlobalIDString = C2E5088119C835A300350F00;
			remoteInfo = ThunderRequest;
		};
		C226784019E2B2D70070B470 /* PBXContainerItemProxy */ = {
			isa = PBXContainerItemProxy;
			containerPortal = C226781719E2B2950070B470 /* ThunderTable.xcodeproj */;
			proxyType = 1;
			remoteGlobalIDString = C2E5098119C839F600350F00;
			remoteInfo = ThunderTable;
		};
		C226784419E2B2DC0070B470 /* PBXContainerItemProxy */ = {
			isa = PBXContainerItemProxy;
			containerPortal = C226781A19E2B2950070B470 /* ThunderBasics.xcodeproj */;
			proxyType = 1;
			remoteGlobalIDString = C272EF8319C831AB004BD339;
			remoteInfo = ThunderBasics;
		};
		C2C57C1819E2AAEC000F6F1E /* PBXContainerItemProxy */ = {
			isa = PBXContainerItemProxy;
			containerPortal = C2C57BF619E2AAEC000F6F1E /* Project object */;
			proxyType = 1;
			remoteGlobalIDString = C2C57BFD19E2AAEC000F6F1E;
			remoteInfo = "Storm Demo Project";
		};
/* End PBXContainerItemProxy section */

/* Begin PBXCopyFilesBuildPhase section */
		C226783919E2B2CC0070B470 /* Embed Frameworks */ = {
			isa = PBXCopyFilesBuildPhase;
			buildActionMask = 2147483647;
			dstPath = "";
			dstSubfolderSpec = 10;
			files = (
				C226783F19E2B2D70070B470 /* ThunderTable.framework in Embed Frameworks */,
				C226783619E2B2CC0070B470 /* ThunderCloud.framework in Embed Frameworks */,
				C226784319E2B2DC0070B470 /* ThunderBasics.framework in Embed Frameworks */,
				C226783B19E2B2D30070B470 /* ThunderRequest.framework in Embed Frameworks */,
			);
			name = "Embed Frameworks";
			runOnlyForDeploymentPostprocessing = 0;
		};
/* End PBXCopyFilesBuildPhase section */

/* Begin PBXFileReference section */
		33BC394F19FE4A2000D00987 /* LaunchScreen.xib */ = {isa = PBXFileReference; fileEncoding = 4; lastKnownFileType = file.xib; path = LaunchScreen.xib; sourceTree = "<group>"; };
		33C47FA31A0B6A66007BD920 /* Settings.bundle */ = {isa = PBXFileReference; lastKnownFileType = "wrapper.plug-in"; path = Settings.bundle; sourceTree = "<group>"; };
		36207E411A10D42F00DCF4D8 /* SDPListPage.h */ = {isa = PBXFileReference; fileEncoding = 4; lastKnownFileType = sourcecode.c.h; path = SDPListPage.h; sourceTree = "<group>"; };
		36207E421A10D42F00DCF4D8 /* SDPListPage.m */ = {isa = PBXFileReference; fileEncoding = 4; lastKnownFileType = sourcecode.c.objc; path = SDPListPage.m; sourceTree = "<group>"; };
		36402DE81A0B71E700C0FBD1 /* SDPWelcomeViewController.h */ = {isa = PBXFileReference; fileEncoding = 4; lastKnownFileType = sourcecode.c.h; path = SDPWelcomeViewController.h; sourceTree = "<group>"; };
		36402DE91A0B71E700C0FBD1 /* SDPWelcomeViewController.m */ = {isa = PBXFileReference; fileEncoding = 4; lastKnownFileType = sourcecode.c.objc; path = SDPWelcomeViewController.m; sourceTree = "<group>"; };
		36CA67BF1A1216320027E061 /* SPDStandardListItem.h */ = {isa = PBXFileReference; fileEncoding = 4; lastKnownFileType = sourcecode.c.h; path = SPDStandardListItem.h; sourceTree = "<group>"; };
		36CA67C01A1216320027E061 /* SPDStandardListItem.m */ = {isa = PBXFileReference; fileEncoding = 4; lastKnownFileType = sourcecode.c.objc; path = SPDStandardListItem.m; sourceTree = "<group>"; };
		36CA67C21A1216550027E061 /* SPDEmbeddedLinksListItemCell.h */ = {isa = PBXFileReference; fileEncoding = 4; lastKnownFileType = sourcecode.c.h; path = SPDEmbeddedLinksListItemCell.h; sourceTree = "<group>"; };
		36CA67C31A1216550027E061 /* SPDEmbeddedLinksListItemCell.m */ = {isa = PBXFileReference; fileEncoding = 4; lastKnownFileType = sourcecode.c.objc; path = SPDEmbeddedLinksListItemCell.m; sourceTree = "<group>"; };
		C226781119E2B2950070B470 /* ThunderCloud.xcodeproj */ = {isa = PBXFileReference; lastKnownFileType = "wrapper.pb-project"; name = ThunderCloud.xcodeproj; path = "Thunder Cloud/ThunderCloud.xcodeproj"; sourceTree = "<group>"; };
		C226781419E2B2950070B470 /* ThunderRequest.xcodeproj */ = {isa = PBXFileReference; lastKnownFileType = "wrapper.pb-project"; name = ThunderRequest.xcodeproj; path = "Thunder Request/ThunderRequest.xcodeproj"; sourceTree = "<group>"; };
		C226781719E2B2950070B470 /* ThunderTable.xcodeproj */ = {isa = PBXFileReference; lastKnownFileType = "wrapper.pb-project"; name = ThunderTable.xcodeproj; path = "Thunder Table/ThunderTable.xcodeproj"; sourceTree = "<group>"; };
		C226781A19E2B2950070B470 /* ThunderBasics.xcodeproj */ = {isa = PBXFileReference; lastKnownFileType = "wrapper.pb-project"; name = ThunderBasics.xcodeproj; path = "Thunder Basics/ThunderBasics.xcodeproj"; sourceTree = "<group>"; };
		C2C57BFE19E2AAEC000F6F1E /* Storm Demo Project.app */ = {isa = PBXFileReference; explicitFileType = wrapper.application; includeInIndex = 0; path = "Storm Demo Project.app"; sourceTree = BUILT_PRODUCTS_DIR; };
		C2C57C0219E2AAEC000F6F1E /* Info.plist */ = {isa = PBXFileReference; lastKnownFileType = text.plist.xml; path = Info.plist; sourceTree = "<group>"; };
		C2C57C0319E2AAEC000F6F1E /* main.m */ = {isa = PBXFileReference; lastKnownFileType = sourcecode.c.objc; path = main.m; sourceTree = "<group>"; };
		C2C57C0519E2AAEC000F6F1E /* AppDelegate.h */ = {isa = PBXFileReference; lastKnownFileType = sourcecode.c.h; path = AppDelegate.h; sourceTree = "<group>"; };
		C2C57C0619E2AAEC000F6F1E /* AppDelegate.m */ = {isa = PBXFileReference; lastKnownFileType = sourcecode.c.objc; path = AppDelegate.m; sourceTree = "<group>"; };
		C2C57C0E19E2AAEC000F6F1E /* Images.xcassets */ = {isa = PBXFileReference; lastKnownFileType = folder.assetcatalog; path = Images.xcassets; sourceTree = "<group>"; };
		C2C57C1719E2AAEC000F6F1E /* Storm Demo ProjectTests.xctest */ = {isa = PBXFileReference; explicitFileType = wrapper.cfbundle; includeInIndex = 0; path = "Storm Demo ProjectTests.xctest"; sourceTree = BUILT_PRODUCTS_DIR; };
		C2C57C1C19E2AAEC000F6F1E /* Info.plist */ = {isa = PBXFileReference; lastKnownFileType = text.plist.xml; path = Info.plist; sourceTree = "<group>"; };
		C2C57C1D19E2AAEC000F6F1E /* Storm_Demo_ProjectTests.m */ = {isa = PBXFileReference; lastKnownFileType = sourcecode.c.objc; path = Storm_Demo_ProjectTests.m; sourceTree = "<group>"; };
		C2C57C2F19E2ADBD000F6F1E /* Bundle */ = {isa = PBXFileReference; lastKnownFileType = folder; path = Bundle; sourceTree = "<group>"; };
		C2D21F0B19FE87BB00F145F5 /* StormTheme.h */ = {isa = PBXFileReference; fileEncoding = 4; lastKnownFileType = sourcecode.c.h; path = StormTheme.h; sourceTree = "<group>"; };
		C2D21F0C19FE87BB00F145F5 /* StormTheme.m */ = {isa = PBXFileReference; fileEncoding = 4; lastKnownFileType = sourcecode.c.objc; path = StormTheme.m; sourceTree = "<group>"; };
/* End PBXFileReference section */

/* Begin PBXFrameworksBuildPhase section */
		C2C57BFB19E2AAEC000F6F1E /* Frameworks */ = {
			isa = PBXFrameworksBuildPhase;
			buildActionMask = 2147483647;
			files = (
				C226783E19E2B2D70070B470 /* ThunderTable.framework in Frameworks */,
				C226783519E2B2CC0070B470 /* ThunderCloud.framework in Frameworks */,
				C226784219E2B2DC0070B470 /* ThunderBasics.framework in Frameworks */,
				C226783A19E2B2D30070B470 /* ThunderRequest.framework in Frameworks */,
			);
			runOnlyForDeploymentPostprocessing = 0;
		};
		C2C57C1419E2AAEC000F6F1E /* Frameworks */ = {
			isa = PBXFrameworksBuildPhase;
			buildActionMask = 2147483647;
			files = (
			);
			runOnlyForDeploymentPostprocessing = 0;
		};
/* End PBXFrameworksBuildPhase section */

/* Begin PBXGroup section */
		36207E3C1A10D3B900DCF4D8 /* Overrides */ = {
			isa = PBXGroup;
			children = (
				36207E411A10D42F00DCF4D8 /* SDPListPage.h */,
				36207E421A10D42F00DCF4D8 /* SDPListPage.m */,
				36CA67BF1A1216320027E061 /* SPDStandardListItem.h */,
				36CA67C01A1216320027E061 /* SPDStandardListItem.m */,
				36CA67C21A1216550027E061 /* SPDEmbeddedLinksListItemCell.h */,
				36CA67C31A1216550027E061 /* SPDEmbeddedLinksListItemCell.m */,
			);
			name = Overrides;
			sourceTree = "<group>";
		};
		C226781219E2B2950070B470 /* Products */ = {
			isa = PBXGroup;
			children = (
				C226782619E2B2950070B470 /* ThunderCloud.framework */,
				C226782819E2B2950070B470 /* ThunderCloudTests.xctest */,
			);
			name = Products;
			sourceTree = "<group>";
		};
		C226781519E2B2950070B470 /* Products */ = {
			isa = PBXGroup;
			children = (
				C226782C19E2B2950070B470 /* ThunderRequest.framework */,
				C226782E19E2B2950070B470 /* ThunderRequestTests.xctest */,
			);
			name = Products;
			sourceTree = "<group>";
		};
		C226781819E2B2950070B470 /* Products */ = {
			isa = PBXGroup;
			children = (
				C226783219E2B2950070B470 /* ThunderTable.framework */,
				C226783419E2B2950070B470 /* ThunderTableTests.xctest */,
			);
			name = Products;
			sourceTree = "<group>";
		};
		C226781B19E2B2950070B470 /* Products */ = {
			isa = PBXGroup;
			children = (
				C226782019E2B2950070B470 /* ThunderBasics.framework */,
				C226782219E2B2950070B470 /* ThunderBasicsTests.xctest */,
			);
			name = Products;
			sourceTree = "<group>";
		};
		C2C57BF519E2AAEC000F6F1E = {
			isa = PBXGroup;
			children = (
				C226781119E2B2950070B470 /* ThunderCloud.xcodeproj */,
				C226781419E2B2950070B470 /* ThunderRequest.xcodeproj */,
				C226781719E2B2950070B470 /* ThunderTable.xcodeproj */,
				C226781A19E2B2950070B470 /* ThunderBasics.xcodeproj */,
				C2C57C0019E2AAEC000F6F1E /* Storm Demo Project */,
				C2C57C1A19E2AAEC000F6F1E /* Storm Demo ProjectTests */,
				C2C57BFF19E2AAEC000F6F1E /* Products */,
			);
			sourceTree = "<group>";
		};
		C2C57BFF19E2AAEC000F6F1E /* Products */ = {
			isa = PBXGroup;
			children = (
				C2C57BFE19E2AAEC000F6F1E /* Storm Demo Project.app */,
				C2C57C1719E2AAEC000F6F1E /* Storm Demo ProjectTests.xctest */,
			);
			name = Products;
			sourceTree = "<group>";
		};
		C2C57C0019E2AAEC000F6F1E /* Storm Demo Project */ = {
			isa = PBXGroup;
			children = (
				36207E3C1A10D3B900DCF4D8 /* Overrides */,
				C2C57C2E19E2AC08000F6F1E /* View Controllers */,
				C2C57C0519E2AAEC000F6F1E /* AppDelegate.h */,
				C2C57C0619E2AAEC000F6F1E /* AppDelegate.m */,
				C2D21F0B19FE87BB00F145F5 /* StormTheme.h */,
				C2D21F0C19FE87BB00F145F5 /* StormTheme.m */,
				33C47FA31A0B6A66007BD920 /* Settings.bundle */,
				C2C57C0E19E2AAEC000F6F1E /* Images.xcassets */,
				C2C57C2F19E2ADBD000F6F1E /* Bundle */,
				C2C57C0119E2AAEC000F6F1E /* Supporting Files */,
			);
			path = "Storm Demo Project";
			sourceTree = "<group>";
		};
		C2C57C0119E2AAEC000F6F1E /* Supporting Files */ = {
			isa = PBXGroup;
			children = (
				33BC394F19FE4A2000D00987 /* LaunchScreen.xib */,
				C2C57C0219E2AAEC000F6F1E /* Info.plist */,
				C2C57C0319E2AAEC000F6F1E /* main.m */,
			);
			name = "Supporting Files";
			sourceTree = "<group>";
		};
		C2C57C1A19E2AAEC000F6F1E /* Storm Demo ProjectTests */ = {
			isa = PBXGroup;
			children = (
				C2C57C1D19E2AAEC000F6F1E /* Storm_Demo_ProjectTests.m */,
				C2C57C1B19E2AAEC000F6F1E /* Supporting Files */,
			);
			path = "Storm Demo ProjectTests";
			sourceTree = "<group>";
		};
		C2C57C1B19E2AAEC000F6F1E /* Supporting Files */ = {
			isa = PBXGroup;
			children = (
				C2C57C1C19E2AAEC000F6F1E /* Info.plist */,
			);
			name = "Supporting Files";
			sourceTree = "<group>";
		};
		C2C57C2E19E2AC08000F6F1E /* View Controllers */ = {
			isa = PBXGroup;
			children = (
				36402DE81A0B71E700C0FBD1 /* SDPWelcomeViewController.h */,
				36402DE91A0B71E700C0FBD1 /* SDPWelcomeViewController.m */,
			);
			name = "View Controllers";
			sourceTree = "<group>";
		};
/* End PBXGroup section */

/* Begin PBXNativeTarget section */
		C2C57BFD19E2AAEC000F6F1E /* Storm Demo Project */ = {
			isa = PBXNativeTarget;
			buildConfigurationList = C2C57C2119E2AAEC000F6F1E /* Build configuration list for PBXNativeTarget "Storm Demo Project" */;
			buildPhases = (
				C2C57C2719E2AB37000F6F1E /* ShellScript */,
				C2C57BFA19E2AAEC000F6F1E /* Sources */,
				C2C57BFB19E2AAEC000F6F1E /* Frameworks */,
				C2C57BFC19E2AAEC000F6F1E /* Resources */,
				C226783919E2B2CC0070B470 /* Embed Frameworks */,
			);
			buildRules = (
			);
			dependencies = (
				C226783819E2B2CC0070B470 /* PBXTargetDependency */,
				C226783D19E2B2D30070B470 /* PBXTargetDependency */,
				C226784119E2B2D70070B470 /* PBXTargetDependency */,
				C226784519E2B2DC0070B470 /* PBXTargetDependency */,
			);
			name = "Storm Demo Project";
			productName = "Storm Demo Project";
			productReference = C2C57BFE19E2AAEC000F6F1E /* Storm Demo Project.app */;
			productType = "com.apple.product-type.application";
		};
		C2C57C1619E2AAEC000F6F1E /* Storm Demo ProjectTests */ = {
			isa = PBXNativeTarget;
			buildConfigurationList = C2C57C2419E2AAEC000F6F1E /* Build configuration list for PBXNativeTarget "Storm Demo ProjectTests" */;
			buildPhases = (
				C2C57C1319E2AAEC000F6F1E /* Sources */,
				C2C57C1419E2AAEC000F6F1E /* Frameworks */,
				C2C57C1519E2AAEC000F6F1E /* Resources */,
			);
			buildRules = (
			);
			dependencies = (
				C2C57C1919E2AAEC000F6F1E /* PBXTargetDependency */,
			);
			name = "Storm Demo ProjectTests";
			productName = "Storm Demo ProjectTests";
			productReference = C2C57C1719E2AAEC000F6F1E /* Storm Demo ProjectTests.xctest */;
			productType = "com.apple.product-type.bundle.unit-test";
		};
/* End PBXNativeTarget section */

/* Begin PBXProject section */
		C2C57BF619E2AAEC000F6F1E /* Project object */ = {
			isa = PBXProject;
			attributes = {
				LastUpgradeCheck = 0610;
				ORGANIZATIONNAME = threesidedcube;
				TargetAttributes = {
					C2C57BFD19E2AAEC000F6F1E = {
						CreatedOnToolsVersion = 6.1;
					};
					C2C57C1619E2AAEC000F6F1E = {
						CreatedOnToolsVersion = 6.1;
						TestTargetID = C2C57BFD19E2AAEC000F6F1E;
					};
				};
			};
			buildConfigurationList = C2C57BF919E2AAEC000F6F1E /* Build configuration list for PBXProject "Storm Demo Project" */;
			compatibilityVersion = "Xcode 3.2";
			developmentRegion = English;
			hasScannedForEncodings = 0;
			knownRegions = (
				en,
				Base,
			);
			mainGroup = C2C57BF519E2AAEC000F6F1E;
			productRefGroup = C2C57BFF19E2AAEC000F6F1E /* Products */;
			projectDirPath = "";
			projectReferences = (
				{
					ProductGroup = C226781B19E2B2950070B470 /* Products */;
					ProjectRef = C226781A19E2B2950070B470 /* ThunderBasics.xcodeproj */;
				},
				{
					ProductGroup = C226781219E2B2950070B470 /* Products */;
					ProjectRef = C226781119E2B2950070B470 /* ThunderCloud.xcodeproj */;
				},
				{
					ProductGroup = C226781519E2B2950070B470 /* Products */;
					ProjectRef = C226781419E2B2950070B470 /* ThunderRequest.xcodeproj */;
				},
				{
					ProductGroup = C226781819E2B2950070B470 /* Products */;
					ProjectRef = C226781719E2B2950070B470 /* ThunderTable.xcodeproj */;
				},
			);
			projectRoot = "";
			targets = (
				C2C57BFD19E2AAEC000F6F1E /* Storm Demo Project */,
				C2C57C1619E2AAEC000F6F1E /* Storm Demo ProjectTests */,
			);
		};
/* End PBXProject section */

/* Begin PBXReferenceProxy section */
		C226782019E2B2950070B470 /* ThunderBasics.framework */ = {
			isa = PBXReferenceProxy;
			fileType = wrapper.framework;
			path = ThunderBasics.framework;
			remoteRef = C226781F19E2B2950070B470 /* PBXContainerItemProxy */;
			sourceTree = BUILT_PRODUCTS_DIR;
		};
		C226782219E2B2950070B470 /* ThunderBasicsTests.xctest */ = {
			isa = PBXReferenceProxy;
			fileType = wrapper.cfbundle;
			path = ThunderBasicsTests.xctest;
			remoteRef = C226782119E2B2950070B470 /* PBXContainerItemProxy */;
			sourceTree = BUILT_PRODUCTS_DIR;
		};
		C226782619E2B2950070B470 /* ThunderCloud.framework */ = {
			isa = PBXReferenceProxy;
			fileType = wrapper.framework;
			path = ThunderCloud.framework;
			remoteRef = C226782519E2B2950070B470 /* PBXContainerItemProxy */;
			sourceTree = BUILT_PRODUCTS_DIR;
		};
		C226782819E2B2950070B470 /* ThunderCloudTests.xctest */ = {
			isa = PBXReferenceProxy;
			fileType = wrapper.cfbundle;
			path = ThunderCloudTests.xctest;
			remoteRef = C226782719E2B2950070B470 /* PBXContainerItemProxy */;
			sourceTree = BUILT_PRODUCTS_DIR;
		};
		C226782C19E2B2950070B470 /* ThunderRequest.framework */ = {
			isa = PBXReferenceProxy;
			fileType = wrapper.framework;
			path = ThunderRequest.framework;
			remoteRef = C226782B19E2B2950070B470 /* PBXContainerItemProxy */;
			sourceTree = BUILT_PRODUCTS_DIR;
		};
		C226782E19E2B2950070B470 /* ThunderRequestTests.xctest */ = {
			isa = PBXReferenceProxy;
			fileType = wrapper.cfbundle;
			path = ThunderRequestTests.xctest;
			remoteRef = C226782D19E2B2950070B470 /* PBXContainerItemProxy */;
			sourceTree = BUILT_PRODUCTS_DIR;
		};
		C226783219E2B2950070B470 /* ThunderTable.framework */ = {
			isa = PBXReferenceProxy;
			fileType = wrapper.framework;
			path = ThunderTable.framework;
			remoteRef = C226783119E2B2950070B470 /* PBXContainerItemProxy */;
			sourceTree = BUILT_PRODUCTS_DIR;
		};
		C226783419E2B2950070B470 /* ThunderTableTests.xctest */ = {
			isa = PBXReferenceProxy;
			fileType = wrapper.cfbundle;
			path = ThunderTableTests.xctest;
			remoteRef = C226783319E2B2950070B470 /* PBXContainerItemProxy */;
			sourceTree = BUILT_PRODUCTS_DIR;
		};
/* End PBXReferenceProxy section */

/* Begin PBXResourcesBuildPhase section */
		C2C57BFC19E2AAEC000F6F1E /* Resources */ = {
			isa = PBXResourcesBuildPhase;
			buildActionMask = 2147483647;
			files = (
				33C47FA41A0B6A66007BD920 /* Settings.bundle in Resources */,
				C2C57C0F19E2AAEC000F6F1E /* Images.xcassets in Resources */,
				33BC395019FE4A2000D00987 /* LaunchScreen.xib in Resources */,
				C2C57C3019E2ADBD000F6F1E /* Bundle in Resources */,
			);
			runOnlyForDeploymentPostprocessing = 0;
		};
		C2C57C1519E2AAEC000F6F1E /* Resources */ = {
			isa = PBXResourcesBuildPhase;
			buildActionMask = 2147483647;
			files = (
			);
			runOnlyForDeploymentPostprocessing = 0;
		};
/* End PBXResourcesBuildPhase section */

/* Begin PBXShellScriptBuildPhase section */
		C2C57C2719E2AB37000F6F1E /* ShellScript */ = {
			isa = PBXShellScriptBuildPhase;
			buildActionMask = 12;
			files = (
			);
			inputPaths = (
			);
			outputPaths = (
			);
			runOnlyForDeploymentPostprocessing = 0;
			shellPath = /bin/sh;
			shellScript = "##################################################\n# Setup variables for folders and plist entries  #\n# Generally you should only need to change the   #\n# baseFolder variable                            #\n##################################################\nbaseFolder=\"Storm Demo Project\";\nbundleFolder=\"Bundle\";\nappId=$(/usr/libexec/PlistBuddy -c \"Print TSCAppId\" \"$INFOPLIST_FILE\");\nbaseUrl=$(/usr/libexec/PlistBuddy -c \"Print TSCBaseURL\" \"$INFOPLIST_FILE\");\napiVersion=$(/usr/libexec/PlistBuddy -c \"Print TSCAPIVersion\" \"$INFOPLIST_FILE\");\n\n######################################################\n# MANUAL OVERRIDE                                    #\n# If you wish to pull a custom bundle define so here #\n######################################################\noverrideEnabled=FALSE\noverrideUrl=\"https://s3.amazonaws.com/arc.cubeapis.com/bundles/1/test/1369324617_1385400529.tar.gz\";\n\n###########################\n# Download latest files   #\n###########################\nmkdir -p \"$baseFolder/$appId\";\n\nif [ -d \"$baseFolder/$appId\" ]; then\ncd \"$baseFolder/$appId\"; for i in *; do rm -rf \"$i\"; done;\nfi\n\ncd \"../../\";\n\nif $overrideEnabled ; then\ncurl $overrideUrl -o \"bundle.tar.gz\" -v\nelse\n\ncurl $baseUrl/$apiVersion/apps/$appId/bundle?environment=live -vLo \"bundle.tar.gz\"\n\n#TEMPORARY. WE NEED TO GET STEVE TO ENABLE THE NEW REDIRECT\n\n#regex=\"file\\\":\\\"(.*)\\\"\"\n#json=$(curl $baseUrl/$apiVersion/apps/$appId/bundle?environment=test -s);\n#[[ $json =~ $regex ]]\n#filename=\"${BASH_REMATCH[1]}\"\n#curl ${filename//[\\\\]/} -o \"bundle.tar.gz\"\n\n#END TEMPORARY\nfi\n\n\ntar -zxf \"bundle.tar.gz\" -C \"$baseFolder/$appId\"\n\nrm \"bundle.tar.gz\"\n\n############################################################################################\n# Setup Bundle directory.                                                                  #\n# Ensure this folder is included as a refrenced folder in your project once it is created  #\n############################################################################################\nmkdir -p \"$baseFolder/$bundleFolder\";\n\nif [ -d \"$baseFolder/$bundleFolder\" ]; then\ncd \"$baseFolder/$bundleFolder\"; for i in *; do rm -rf \"$i\"; done;\nfi\n\n#######################################################################\n# Copy downloaded files from numbered app folder into bundle folder   #\n#######################################################################\ncd \"../../\"\nif [ -d \"$baseFolder/$appId\" ]; then\ncd \"$baseFolder/$appId\"; for i in *; do cp -R \"$i\" \"../$bundleFolder/$i\"; done;\nfi";
		};
/* End PBXShellScriptBuildPhase section */

/* Begin PBXSourcesBuildPhase section */
		C2C57BFA19E2AAEC000F6F1E /* Sources */ = {
			isa = PBXSourcesBuildPhase;
			buildActionMask = 2147483647;
			files = (
				36CA67C41A1216550027E061 /* SPDEmbeddedLinksListItemCell.m in Sources */,
				C2D21F0D19FE87BB00F145F5 /* StormTheme.m in Sources */,
				C2C57C0719E2AAEC000F6F1E /* AppDelegate.m in Sources */,
				C2C57C0419E2AAEC000F6F1E /* main.m in Sources */,
				36CA67C11A1216320027E061 /* SPDStandardListItem.m in Sources */,
				36402DEA1A0B71E700C0FBD1 /* SDPWelcomeViewController.m in Sources */,
				36207E431A10D42F00DCF4D8 /* SDPListPage.m in Sources */,
			);
			runOnlyForDeploymentPostprocessing = 0;
		};
		C2C57C1319E2AAEC000F6F1E /* Sources */ = {
			isa = PBXSourcesBuildPhase;
			buildActionMask = 2147483647;
			files = (
				C2C57C1E19E2AAEC000F6F1E /* Storm_Demo_ProjectTests.m in Sources */,
			);
			runOnlyForDeploymentPostprocessing = 0;
		};
/* End PBXSourcesBuildPhase section */

/* Begin PBXTargetDependency section */
		C226783819E2B2CC0070B470 /* PBXTargetDependency */ = {
			isa = PBXTargetDependency;
			name = ThunderCloud;
			targetProxy = C226783719E2B2CC0070B470 /* PBXContainerItemProxy */;
		};
		C226783D19E2B2D30070B470 /* PBXTargetDependency */ = {
			isa = PBXTargetDependency;
			name = ThunderRequest;
			targetProxy = C226783C19E2B2D30070B470 /* PBXContainerItemProxy */;
		};
		C226784119E2B2D70070B470 /* PBXTargetDependency */ = {
			isa = PBXTargetDependency;
			name = ThunderTable;
			targetProxy = C226784019E2B2D70070B470 /* PBXContainerItemProxy */;
		};
		C226784519E2B2DC0070B470 /* PBXTargetDependency */ = {
			isa = PBXTargetDependency;
			name = ThunderBasics;
			targetProxy = C226784419E2B2DC0070B470 /* PBXContainerItemProxy */;
		};
		C2C57C1919E2AAEC000F6F1E /* PBXTargetDependency */ = {
			isa = PBXTargetDependency;
			target = C2C57BFD19E2AAEC000F6F1E /* Storm Demo Project */;
			targetProxy = C2C57C1819E2AAEC000F6F1E /* PBXContainerItemProxy */;
		};
/* End PBXTargetDependency section */

/* Begin XCBuildConfiguration section */
		C2C57C1F19E2AAEC000F6F1E /* Debug */ = {
			isa = XCBuildConfiguration;
			buildSettings = {
				ALWAYS_SEARCH_USER_PATHS = NO;
				CLANG_CXX_LANGUAGE_STANDARD = "gnu++0x";
				CLANG_CXX_LIBRARY = "libc++";
				CLANG_ENABLE_MODULES = YES;
				CLANG_ENABLE_OBJC_ARC = YES;
				CLANG_WARN_BOOL_CONVERSION = YES;
				CLANG_WARN_CONSTANT_CONVERSION = YES;
				CLANG_WARN_DIRECT_OBJC_ISA_USAGE = YES_ERROR;
				CLANG_WARN_EMPTY_BODY = YES;
				CLANG_WARN_ENUM_CONVERSION = YES;
				CLANG_WARN_INT_CONVERSION = YES;
				CLANG_WARN_OBJC_ROOT_CLASS = YES_ERROR;
				CLANG_WARN_UNREACHABLE_CODE = YES;
				CLANG_WARN__DUPLICATE_METHOD_MATCH = YES;
				CODE_SIGN_IDENTITY = "iPhone Distribution: 3 Sided Cube Design Ltd";
				"CODE_SIGN_IDENTITY[sdk=iphoneos*]" = "iPhone Distribution: 3 Sided Cube Design Ltd";
				COPY_PHASE_STRIP = NO;
				ENABLE_STRICT_OBJC_MSGSEND = YES;
				GCC_C_LANGUAGE_STANDARD = gnu99;
				GCC_DYNAMIC_NO_PIC = NO;
				GCC_OPTIMIZATION_LEVEL = 0;
				GCC_PREPROCESSOR_DEFINITIONS = (
					"DEBUG=1",
					"$(inherited)",
				);
				GCC_SYMBOLS_PRIVATE_EXTERN = NO;
				GCC_WARN_64_TO_32_BIT_CONVERSION = YES;
				GCC_WARN_ABOUT_RETURN_TYPE = YES_ERROR;
				GCC_WARN_UNDECLARED_SELECTOR = YES;
				GCC_WARN_UNINITIALIZED_AUTOS = YES_AGGRESSIVE;
				GCC_WARN_UNUSED_FUNCTION = YES;
				GCC_WARN_UNUSED_VARIABLE = YES;
				IPHONEOS_DEPLOYMENT_TARGET = 7.1;
				MTL_ENABLE_DEBUG_INFO = YES;
				ONLY_ACTIVE_ARCH = YES;
				PROVISIONING_PROFILE = "c8bc3f7d-727a-4ff9-94c0-b2c6ade8d798";
				SDKROOT = iphoneos;
				TARGETED_DEVICE_FAMILY = "1,2";
			};
			name = Debug;
		};
		C2C57C2019E2AAEC000F6F1E /* Release */ = {
			isa = XCBuildConfiguration;
			buildSettings = {
				ALWAYS_SEARCH_USER_PATHS = NO;
				CLANG_CXX_LANGUAGE_STANDARD = "gnu++0x";
				CLANG_CXX_LIBRARY = "libc++";
				CLANG_ENABLE_MODULES = YES;
				CLANG_ENABLE_OBJC_ARC = YES;
				CLANG_WARN_BOOL_CONVERSION = YES;
				CLANG_WARN_CONSTANT_CONVERSION = YES;
				CLANG_WARN_DIRECT_OBJC_ISA_USAGE = YES_ERROR;
				CLANG_WARN_EMPTY_BODY = YES;
				CLANG_WARN_ENUM_CONVERSION = YES;
				CLANG_WARN_INT_CONVERSION = YES;
				CLANG_WARN_OBJC_ROOT_CLASS = YES_ERROR;
				CLANG_WARN_UNREACHABLE_CODE = YES;
				CLANG_WARN__DUPLICATE_METHOD_MATCH = YES;
				CODE_SIGN_IDENTITY = "iPhone Distribution: 3 Sided Cube Design Ltd";
				"CODE_SIGN_IDENTITY[sdk=iphoneos*]" = "iPhone Distribution: 3 Sided Cube Design Ltd";
				COPY_PHASE_STRIP = YES;
				ENABLE_NS_ASSERTIONS = NO;
				ENABLE_STRICT_OBJC_MSGSEND = YES;
				GCC_C_LANGUAGE_STANDARD = gnu99;
				GCC_WARN_64_TO_32_BIT_CONVERSION = YES;
				GCC_WARN_ABOUT_RETURN_TYPE = YES_ERROR;
				GCC_WARN_UNDECLARED_SELECTOR = YES;
				GCC_WARN_UNINITIALIZED_AUTOS = YES_AGGRESSIVE;
				GCC_WARN_UNUSED_FUNCTION = YES;
				GCC_WARN_UNUSED_VARIABLE = YES;
				IPHONEOS_DEPLOYMENT_TARGET = 7.1;
				MTL_ENABLE_DEBUG_INFO = NO;
				PROVISIONING_PROFILE = "c8bc3f7d-727a-4ff9-94c0-b2c6ade8d798";
				SDKROOT = iphoneos;
				TARGETED_DEVICE_FAMILY = "1,2";
				VALIDATE_PRODUCT = YES;
			};
			name = Release;
		};
		C2C57C2219E2AAEC000F6F1E /* Debug */ = {
			isa = XCBuildConfiguration;
			buildSettings = {
				ASSETCATALOG_COMPILER_APPICON_NAME = AppIcon;
				ASSETCATALOG_COMPILER_LAUNCHIMAGE_NAME = LaunchImage;
				CODE_SIGN_IDENTITY = "iPhone Distribution: 3 Sided Cube Design Ltd";
				FRAMEWORK_SEARCH_PATHS = "$(inherited)";
				HEADER_SEARCH_PATHS = "$(inherited)";
				INFOPLIST_FILE = "Storm Demo Project/Info.plist";
				IPHONEOS_DEPLOYMENT_TARGET = 8.0;
				LD_RUNPATH_SEARCH_PATHS = "$(inherited) @executable_path/Frameworks";
				PRODUCT_NAME = "$(TARGET_NAME)";
				PROVISIONING_PROFILE = "e3adaa18-e677-451d-a4bd-654842c18cb5";
				TARGETED_DEVICE_FAMILY = 1;
			};
			name = Debug;
		};
		C2C57C2319E2AAEC000F6F1E /* Release */ = {
			isa = XCBuildConfiguration;
			buildSettings = {
				ASSETCATALOG_COMPILER_APPICON_NAME = AppIcon;
				ASSETCATALOG_COMPILER_LAUNCHIMAGE_NAME = LaunchImage;
				CODE_SIGN_IDENTITY = "iPhone Distribution: 3 Sided Cube Design Ltd";
				FRAMEWORK_SEARCH_PATHS = "$(inherited)";
				HEADER_SEARCH_PATHS = "$(inherited)";
				INFOPLIST_FILE = "Storm Demo Project/Info.plist";
				IPHONEOS_DEPLOYMENT_TARGET = 8.0;
				LD_RUNPATH_SEARCH_PATHS = "$(inherited) @executable_path/Frameworks";
				PRODUCT_NAME = "$(TARGET_NAME)";
				PROVISIONING_PROFILE = "e3adaa18-e677-451d-a4bd-654842c18cb5";
				TARGETED_DEVICE_FAMILY = 1;
			};
			name = Release;
		};
		C2C57C2519E2AAEC000F6F1E /* Debug */ = {
			isa = XCBuildConfiguration;
			buildSettings = {
				BUNDLE_LOADER = "$(TEST_HOST)";
				FRAMEWORK_SEARCH_PATHS = (
					"$(SDKROOT)/Developer/Library/Frameworks",
					"$(inherited)",
				);
				GCC_PREPROCESSOR_DEFINITIONS = (
					"DEBUG=1",
					"$(inherited)",
				);
				INFOPLIST_FILE = "Storm Demo ProjectTests/Info.plist";
				LD_RUNPATH_SEARCH_PATHS = "$(inherited) @executable_path/Frameworks @loader_path/Frameworks";
				PRODUCT_NAME = "$(TARGET_NAME)";
				TEST_HOST = "$(BUILT_PRODUCTS_DIR)/Storm Demo Project.app/Storm Demo Project";
			};
			name = Debug;
		};
		C2C57C2619E2AAEC000F6F1E /* Release */ = {
			isa = XCBuildConfiguration;
			buildSettings = {
				BUNDLE_LOADER = "$(TEST_HOST)";
				FRAMEWORK_SEARCH_PATHS = (
					"$(SDKROOT)/Developer/Library/Frameworks",
					"$(inherited)",
				);
				INFOPLIST_FILE = "Storm Demo ProjectTests/Info.plist";
				LD_RUNPATH_SEARCH_PATHS = "$(inherited) @executable_path/Frameworks @loader_path/Frameworks";
				PRODUCT_NAME = "$(TARGET_NAME)";
				TEST_HOST = "$(BUILT_PRODUCTS_DIR)/Storm Demo Project.app/Storm Demo Project";
			};
			name = Release;
		};
/* End XCBuildConfiguration section */

/* Begin XCConfigurationList section */
		C2C57BF919E2AAEC000F6F1E /* Build configuration list for PBXProject "Storm Demo Project" */ = {
			isa = XCConfigurationList;
			buildConfigurations = (
				C2C57C1F19E2AAEC000F6F1E /* Debug */,
				C2C57C2019E2AAEC000F6F1E /* Release */,
			);
			defaultConfigurationIsVisible = 0;
			defaultConfigurationName = Release;
		};
		C2C57C2119E2AAEC000F6F1E /* Build configuration list for PBXNativeTarget "Storm Demo Project" */ = {
			isa = XCConfigurationList;
			buildConfigurations = (
				C2C57C2219E2AAEC000F6F1E /* Debug */,
				C2C57C2319E2AAEC000F6F1E /* Release */,
			);
			defaultConfigurationIsVisible = 0;
			defaultConfigurationName = Release;
		};
		C2C57C2419E2AAEC000F6F1E /* Build configuration list for PBXNativeTarget "Storm Demo ProjectTests" */ = {
			isa = XCConfigurationList;
			buildConfigurations = (
				C2C57C2519E2AAEC000F6F1E /* Debug */,
				C2C57C2619E2AAEC000F6F1E /* Release */,
			);
			defaultConfigurationIsVisible = 0;
			defaultConfigurationName = Release;
		};
/* End XCConfigurationList section */
	};
	rootObject = C2C57BF619E2AAEC000F6F1E /* Project object */;
}
